<?xml version="1.0" encoding="utf-8"?>
<Project ToolsVersion="4.0" xmlns="http://schemas.microsoft.com/developer/msbuild/2003">
  <ItemGroup>
    <ClCompile Include="Source\obj_loader.cpp">
      <Filter>src\Asset Management System\Models</Filter>
    </ClCompile>
    <ClCompile Include="Source\texture_loader.cpp">
      <Filter>src\Asset Management System\Textures</Filter>
    </ClCompile>
    <ClCompile Include="Source\texture_loader_core.cpp">
      <Filter>src\Asset Management System\Textures</Filter>
    </ClCompile>
    <ClCompile Include="Source\audio_loader.cpp">
      <Filter>src\Audio System\Core</Filter>
    </ClCompile>
    <ClCompile Include="Source\audio_manager.cpp">
      <Filter>src\Audio System\Core</Filter>
    </ClCompile>
    <ClCompile Include="Source\audio_player.cpp">
      <Filter>src\Audio System\Core</Filter>
    </ClCompile>
    <ClCompile Include="Source\audio_chunk.cpp">
      <Filter>src\Audio System\Data Structures</Filter>
    </ClCompile>
    <ClCompile Include="Source\audio_music.cpp">
      <Filter>src\Audio System\Data Structures</Filter>
    </ClCompile>
    <ClCompile Include="Source\core_engine.cpp">
      <Filter>src\Core System</Filter>
    </ClCompile>
    <ClCompile Include="Source\fabi_engine_3d.cpp">
      <Filter>src\Core System</Filter>
    </ClCompile>
    <ClCompile Include="Source\main.cpp">
      <Filter>src\Core System</Filter>
    </ClCompile>
    <ClCompile Include="Source\model_editor_misc.cpp">
      <Filter>src\Editor System\Model Editor</Filter>
    </ClCompile>
    <ClCompile Include="Source\model_editor_core.cpp">
      <Filter>src\Editor System\Model Editor</Filter>
    </ClCompile>
    <ClCompile Include="Source\mouse_picker.cpp">
      <Filter>src\Editor System\World Editor</Filter>
    </ClCompile>
    <ClCompile Include="Source\bottom_viewport_controller.cpp">
      <Filter>src\Engine Controller System</Filter>
    </ClCompile>
    <ClCompile Include="Source\engine_controller.cpp">
      <Filter>src\Engine Controller System</Filter>
    </ClCompile>
    <ClCompile Include="Source\left_viewport_controller.cpp">
      <Filter>src\Engine Controller System</Filter>
    </ClCompile>
    <ClCompile Include="Source\right_viewport_controller.cpp">
      <Filter>src\Engine Controller System</Filter>
    </ClCompile>
    <ClCompile Include="Source\top_viewport_controller.cpp">
      <Filter>src\Engine Controller System</Filter>
    </ClCompile>
    <ClCompile Include="Source\viewport_controller.cpp">
      <Filter>src\Engine Controller System</Filter>
    </ClCompile>
    <ClCompile Include="Source\aabb_entity.cpp">
      <Filter>src\Entity System\Data Structures</Filter>
    </ClCompile>
    <ClCompile Include="Source\billboard_entity.cpp">
      <Filter>src\Entity System\Data Structures</Filter>
    </ClCompile>
    <ClCompile Include="Source\base_entity.cpp">
      <Filter>src\Entity System\Data Structures</Filter>
    </ClCompile>
    <ClCompile Include="Source\game_entity.cpp">
      <Filter>src\Entity System\Data Structures</Filter>
    </ClCompile>
    <ClCompile Include="Source\gui_entity.cpp">
      <Filter>src\Entity System\Data Structures</Filter>
    </ClCompile>
    <ClCompile Include="Source\light_entity.cpp">
      <Filter>src\Entity System\Data Structures</Filter>
    </ClCompile>
    <ClCompile Include="Source\sky_entity.cpp">
      <Filter>src\Entity System\Data Structures</Filter>
    </ClCompile>
    <ClCompile Include="Source\terrain_entity.cpp">
      <Filter>src\Entity System\Data Structures</Filter>
    </ClCompile>
    <ClCompile Include="Source\text_entity.cpp">
      <Filter>src\Entity System\Data Structures</Filter>
    </ClCompile>
    <ClCompile Include="Source\water_entity.cpp">
      <Filter>src\Entity System\Data Structures</Filter>
    </ClCompile>
    <ClCompile Include="Source\aabb_entity_manager.cpp">
      <Filter>src\Entity System\Managers</Filter>
    </ClCompile>
    <ClCompile Include="Source\billboard_entity_manager.cpp">
      <Filter>src\Entity System\Managers</Filter>
    </ClCompile>
    <ClCompile Include="Source\base_entity_manager.cpp">
      <Filter>src\Entity System\Managers</Filter>
    </ClCompile>
    <ClCompile Include="Source\game_entity_manager.cpp">
      <Filter>src\Entity System\Managers</Filter>
    </ClCompile>
    <ClCompile Include="Source\gui_entity_manager.cpp">
      <Filter>src\Entity System\Managers</Filter>
    </ClCompile>
    <ClCompile Include="Source\light_entity_manager.cpp">
      <Filter>src\Entity System\Managers</Filter>
    </ClCompile>
    <ClCompile Include="Source\sky_entity_manager.cpp">
      <Filter>src\Entity System\Managers</Filter>
    </ClCompile>
    <ClCompile Include="Source\terrain_entity_manager.cpp">
      <Filter>src\Entity System\Managers</Filter>
    </ClCompile>
    <ClCompile Include="Source\text_entity_manager.cpp">
      <Filter>src\Entity System\Managers</Filter>
    </ClCompile>
    <ClCompile Include="Source\water_entity_manager.cpp">
      <Filter>src\Entity System\Managers</Filter>
    </ClCompile>
    <ClCompile Include="Source\entity_bus.cpp">
      <Filter>src\Entity System\Miscellaneous</Filter>
    </ClCompile>
    <ClCompile Include="Source\engine_gui_button.cpp">
      <Filter>src\GUI System</Filter>
    </ClCompile>
    <ClCompile Include="Source\engine_gui_manager.cpp">
      <Filter>src\GUI System</Filter>
    </ClCompile>
    <ClCompile Include="Source\engine_gui_rectangle.cpp">
      <Filter>src\GUI System</Filter>
    </ClCompile>
    <ClCompile Include="Source\engine_gui_screen.cpp">
      <Filter>src\GUI System</Filter>
    </ClCompile>
    <ClCompile Include="Source\engine_gui_textfield.cpp">
      <Filter>src\GUI System</Filter>
    </ClCompile>
    <ClCompile Include="Source\engine_gui_viewport.cpp">
      <Filter>src\GUI System</Filter>
    </ClCompile>
    <ClCompile Include="Source\engine_gui_window.cpp">
      <Filter>src\GUI System</Filter>
    </ClCompile>
    <ClCompile Include="Source\engine_gui_writefield.cpp">
      <Filter>src\GUI System</Filter>
    </ClCompile>
    <ClCompile Include="Source\collision_detector.cpp">
      <Filter>src\Physics System\Core</Filter>
    </ClCompile>
    <ClCompile Include="Source\collision_resolver.cpp">
      <Filter>src\Physics System\Core</Filter>
    </ClCompile>
    <ClCompile Include="Source\collision.cpp">
      <Filter>src\Physics System\Data Structures</Filter>
    </ClCompile>
    <ClCompile Include="Source\render_engine_capture.cpp">
      <Filter>src\Rendering System\Core</Filter>
    </ClCompile>
    <ClCompile Include="Source\render_engine_draw.cpp">
      <Filter>src\Rendering System\Core</Filter>
    </ClCompile>
    <ClCompile Include="Source\shader_bus.cpp">
      <Filter>src\Rendering System\Miscellaneous</Filter>
    </ClCompile>
    <ClCompile Include="Source\shadow_manager.cpp">
      <Filter>src\Rendering System\Miscellaneous</Filter>
    </ClCompile>
    <ClCompile Include="Source\window_manager.cpp">
      <Filter>src\Rendering System\Miscellaneous</Filter>
    </ClCompile>
    <ClCompile Include="Source\opengl_buffer.cpp">
      <Filter>src\Rendering System\OpenGL</Filter>
    </ClCompile>
    <ClCompile Include="Source\opengl_framebuffer.cpp">
      <Filter>src\Rendering System\OpenGL</Filter>
    </ClCompile>
    <ClCompile Include="Source\opengl_shader.cpp">
      <Filter>src\Rendering System\OpenGL</Filter>
    </ClCompile>
    <ClCompile Include="Source\opengl_framebuffer_misc.cpp">
      <Filter>src\Rendering System\OpenGL</Filter>
    </ClCompile>
    <ClCompile Include="Source\camera_manager.cpp">
      <Filter>src\Miscellaneous</Filter>
    </ClCompile>
    <ClCompile Include="Source\input_handler.cpp">
      <Filter>src\Miscellaneous</Filter>
    </ClCompile>
    <ClCompile Include="Source\timer.cpp">
      <Filter>src\Miscellaneous</Filter>
    </ClCompile>
    <ClCompile Include="Source\tools.cpp">
      <Filter>src\Miscellaneous</Filter>
    </ClCompile>
    <ClCompile Include="Source\configuration.cpp">
      <Filter>src\Miscellaneous</Filter>
    </ClCompile>
    <ClCompile Include="Source\engine_gui_scrollinglist.cpp">
      <Filter>src\GUI System</Filter>
    </ClCompile>
    <ClCompile Include="Source\model_editor_updates_size.cpp">
      <Filter>src\Editor System\Model Editor</Filter>
    </ClCompile>
    <ClCompile Include="Source\model_editor_updates_options.cpp">
      <Filter>src\Editor System\Model Editor</Filter>
    </ClCompile>
    <ClCompile Include="Source\model_editor_updates_mesh.cpp">
      <Filter>src\Editor System\Model Editor</Filter>
    </ClCompile>
    <ClCompile Include="Source\aabb_entity_renderer.cpp">
      <Filter>src\Rendering System\Renderers\Entity Renderers</Filter>
    </ClCompile>
    <ClCompile Include="Source\base_entity_renderer.cpp">
      <Filter>src\Rendering System\Renderers\Entity Renderers</Filter>
    </ClCompile>
    <ClCompile Include="Source\billboard_entity_renderer.cpp">
      <Filter>src\Rendering System\Renderers\Entity Renderers</Filter>
    </ClCompile>
    <ClCompile Include="Source\game_entity_renderer.cpp">
      <Filter>src\Rendering System\Renderers\Entity Renderers</Filter>
    </ClCompile>
    <ClCompile Include="Source\gui_entity_renderer.cpp">
      <Filter>src\Rendering System\Renderers\Entity Renderers</Filter>
    </ClCompile>
    <ClCompile Include="Source\sky_entity_renderer.cpp">
      <Filter>src\Rendering System\Renderers\Entity Renderers</Filter>
    </ClCompile>
    <ClCompile Include="Source\terrain_entity_renderer.cpp">
      <Filter>src\Rendering System\Renderers\Entity Renderers</Filter>
    </ClCompile>
    <ClCompile Include="Source\water_entity_renderer.cpp">
      <Filter>src\Rendering System\Renderers\Entity Renderers</Filter>
    </ClCompile>
    <ClCompile Include="Source\bloom_hdr_renderer.cpp">
      <Filter>src\Rendering System\Renderers\Miscellaneous Renderers</Filter>
    </ClCompile>
    <ClCompile Include="Source\blur_renderer.cpp">
      <Filter>src\Rendering System\Renderers\Miscellaneous Renderers</Filter>
    </ClCompile>
    <ClCompile Include="Source\depth_renderer.cpp">
      <Filter>src\Rendering System\Renderers\Miscellaneous Renderers</Filter>
    </ClCompile>
    <ClCompile Include="Source\final_renderer.cpp">
      <Filter>src\Rendering System\Renderers\Miscellaneous Renderers</Filter>
    </ClCompile>
    <ClCompile Include="Source\post_renderer.cpp">
      <Filter>src\Rendering System\Renderers\Miscellaneous Renderers</Filter>
    </ClCompile>
    <ClCompile Include="Source\shadow_renderer.cpp">
      <Filter>src\Rendering System\Renderers\Miscellaneous Renderers</Filter>
    </ClCompile>
    <ClCompile Include="Source\world_editor_core.cpp">
      <Filter>src\Editor System\World Editor</Filter>
    </ClCompile>
    <ClCompile Include="Source\model_editor_updates.cpp">
      <Filter>src\Editor System\Model Editor</Filter>
    </ClCompile>
    <ClCompile Include="Source\world_editor_misc.cpp">
      <Filter>src\Editor System\World Editor</Filter>
    </ClCompile>
    <ClCompile Include="Source\world_editor_updates_sky.cpp">
      <Filter>src\Editor System\World Editor</Filter>
    </ClCompile>
    <ClCompile Include="Source\world_editor_updates_terrain.cpp">
      <Filter>src\Editor System\World Editor</Filter>
    </ClCompile>
    <ClCompile Include="Source\world_editor_updates_water.cpp">
      <Filter>src\Editor System\World Editor</Filter>
    </ClCompile>
    <ClCompile Include="Source\render_engine_core.cpp">
      <Filter>src\Rendering System\Core</Filter>
    </ClCompile>
    <ClCompile Include="Source\engine_gui_global_screen_misc.cpp">
      <Filter>src\GUI System</Filter>
    </ClCompile>
    <ClCompile Include="Source\engine_gui_global_screen_core.cpp">
      <Filter>src\GUI System</Filter>
    </ClCompile>
    <ClCompile Include="Source\world_editor_updates.cpp">
      <Filter>src\Editor System\World Editor</Filter>
    </ClCompile>
    <ClCompile Include="Source\world_editor_core_sky.cpp">
      <Filter>src\Editor System\World Editor</Filter>
    </ClCompile>
    <ClCompile Include="Source\world_editor_core_terrain.cpp">
      <Filter>src\Editor System\World Editor</Filter>
    </ClCompile>
    <ClCompile Include="Source\world_editor_core_water.cpp">
      <Filter>src\Editor System\World Editor</Filter>
    </ClCompile>
    <ClCompile Include="Source\billboard_editor_core.cpp">
      <Filter>src\Editor System\Billboard Editor</Filter>
    </ClCompile>
    <ClCompile Include="Source\billboard_editor_updates.cpp">
      <Filter>src\Editor System\Billboard Editor</Filter>
    </ClCompile>
    <ClCompile Include="Source\billboard_editor_misc.cpp">
      <Filter>src\Editor System\Billboard Editor</Filter>
    </ClCompile>
    <ClCompile Include="Source\entity_placer_core.cpp">
      <Filter>src\Editor System\Entity Placer</Filter>
    </ClCompile>
    <ClCompile Include="Source\entity_placer_misc.cpp">
      <Filter>src\Editor System\Entity Placer</Filter>
    </ClCompile>
    <ClCompile Include="Source\entity_placer_updates.cpp">
      <Filter>src\Editor System\Entity Placer</Filter>
    </ClCompile>
    <ClCompile Include="Source\core_engine_misc.cpp">
      <Filter>src\Core System</Filter>
    </ClCompile>
  </ItemGroup>
  <ItemGroup>
    <ClInclude Include="Source\obj_loader.hpp">
      <Filter>src\Asset Management System\Models</Filter>
    </ClInclude>
    <ClInclude Include="Source\texture_loader.hpp">
      <Filter>src\Asset Management System\Textures</Filter>
    </ClInclude>
    <ClInclude Include="Source\audio_loader.hpp">
      <Filter>src\Audio System\Core</Filter>
    </ClInclude>
    <ClInclude Include="Source\audio_manager.hpp">
      <Filter>src\Audio System\Core</Filter>
    </ClInclude>
    <ClInclude Include="Source\audio_player.hpp">
      <Filter>src\Audio System\Core</Filter>
    </ClInclude>
    <ClInclude Include="Source\audio_chunk.hpp">
      <Filter>src\Audio System\Data Structures</Filter>
    </ClInclude>
    <ClInclude Include="Source\audio_music.hpp">
      <Filter>src\Audio System\Data Structures</Filter>
    </ClInclude>
    <ClInclude Include="Source\core_engine.hpp">
      <Filter>src\Core System</Filter>
    </ClInclude>
    <ClInclude Include="Source\fabi_engine_3d.hpp">
      <Filter>src\Core System</Filter>
    </ClInclude>
    <ClInclude Include="Source\model_editor.hpp">
      <Filter>src\Editor System\Model Editor</Filter>
    </ClInclude>
    <ClInclude Include="Source\mouse_picker.hpp">
      <Filter>src\Editor System\World Editor</Filter>
    </ClInclude>
    <ClInclude Include="Source\bottom_viewport_controller.hpp">
      <Filter>src\Engine Controller System</Filter>
    </ClInclude>
    <ClInclude Include="Source\engine_controller.hpp">
      <Filter>src\Engine Controller System</Filter>
    </ClInclude>
    <ClInclude Include="Source\left_viewport_controller.hpp">
      <Filter>src\Engine Controller System</Filter>
    </ClInclude>
    <ClInclude Include="Source\right_viewport_controller.hpp">
      <Filter>src\Engine Controller System</Filter>
    </ClInclude>
    <ClInclude Include="Source\top_viewport_controller.hpp">
      <Filter>src\Engine Controller System</Filter>
    </ClInclude>
    <ClInclude Include="Source\viewport_controller.hpp">
      <Filter>src\Engine Controller System</Filter>
    </ClInclude>
    <ClInclude Include="Source\aabb_entity.hpp">
      <Filter>src\Entity System\Data Structures</Filter>
    </ClInclude>
    <ClInclude Include="Source\billboard_entity.hpp">
      <Filter>src\Entity System\Data Structures</Filter>
    </ClInclude>
    <ClInclude Include="Source\base_entity.hpp">
      <Filter>src\Entity System\Data Structures</Filter>
    </ClInclude>
    <ClInclude Include="Source\game_entity.hpp">
      <Filter>src\Entity System\Data Structures</Filter>
    </ClInclude>
    <ClInclude Include="Source\gui_entity.hpp">
      <Filter>src\Entity System\Data Structures</Filter>
    </ClInclude>
    <ClInclude Include="Source\light_entity.hpp">
      <Filter>src\Entity System\Data Structures</Filter>
    </ClInclude>
    <ClInclude Include="Source\sky_entity.hpp">
      <Filter>src\Entity System\Data Structures</Filter>
    </ClInclude>
    <ClInclude Include="Source\terrain_entity.hpp">
      <Filter>src\Entity System\Data Structures</Filter>
    </ClInclude>
    <ClInclude Include="Source\text_entity.hpp">
      <Filter>src\Entity System\Data Structures</Filter>
    </ClInclude>
    <ClInclude Include="Source\water_entity.hpp">
      <Filter>src\Entity System\Data Structures</Filter>
    </ClInclude>
    <ClInclude Include="Source\aabb_entity_manager.hpp">
      <Filter>src\Entity System\Managers</Filter>
    </ClInclude>
    <ClInclude Include="Source\billboard_entity_manager.hpp">
      <Filter>src\Entity System\Managers</Filter>
    </ClInclude>
    <ClInclude Include="Source\base_entity_manager.hpp">
      <Filter>src\Entity System\Managers</Filter>
    </ClInclude>
    <ClInclude Include="Source\game_entity_manager.hpp">
      <Filter>src\Entity System\Managers</Filter>
    </ClInclude>
    <ClInclude Include="Source\gui_entity_manager.hpp">
      <Filter>src\Entity System\Managers</Filter>
    </ClInclude>
    <ClInclude Include="Source\light_entity_manager.hpp">
      <Filter>src\Entity System\Managers</Filter>
    </ClInclude>
    <ClInclude Include="Source\sky_entity_manager.hpp">
      <Filter>src\Entity System\Managers</Filter>
    </ClInclude>
    <ClInclude Include="Source\terrain_entity_manager.hpp">
      <Filter>src\Entity System\Managers</Filter>
    </ClInclude>
    <ClInclude Include="Source\text_entity_manager.hpp">
      <Filter>src\Entity System\Managers</Filter>
    </ClInclude>
    <ClInclude Include="Source\water_entity_manager.hpp">
      <Filter>src\Entity System\Managers</Filter>
    </ClInclude>
    <ClInclude Include="Source\entity_bus.hpp">
      <Filter>src\Entity System\Miscellaneous</Filter>
    </ClInclude>
    <ClInclude Include="Source\engine_gui_button.hpp">
      <Filter>src\GUI System</Filter>
    </ClInclude>
    <ClInclude Include="Source\engine_gui_global_screen.hpp">
      <Filter>src\GUI System</Filter>
    </ClInclude>
    <ClInclude Include="Source\engine_gui_manager.hpp">
      <Filter>src\GUI System</Filter>
    </ClInclude>
    <ClInclude Include="Source\engine_gui_rectangle.hpp">
      <Filter>src\GUI System</Filter>
    </ClInclude>
    <ClInclude Include="Source\engine_gui_screen.hpp">
      <Filter>src\GUI System</Filter>
    </ClInclude>
    <ClInclude Include="Source\engine_gui_textfield.hpp">
      <Filter>src\GUI System</Filter>
    </ClInclude>
    <ClInclude Include="Source\engine_gui_viewport.hpp">
      <Filter>src\GUI System</Filter>
    </ClInclude>
    <ClInclude Include="Source\engine_gui_window.hpp">
      <Filter>src\GUI System</Filter>
    </ClInclude>
    <ClInclude Include="Source\engine_gui_writefield.hpp">
      <Filter>src\GUI System</Filter>
    </ClInclude>
    <ClInclude Include="Source\collision_detector.hpp">
      <Filter>src\Physics System\Core</Filter>
    </ClInclude>
    <ClInclude Include="Source\collision_resolver.hpp">
      <Filter>src\Physics System\Core</Filter>
    </ClInclude>
    <ClInclude Include="Source\collision.hpp">
      <Filter>src\Physics System\Data Structures</Filter>
    </ClInclude>
    <ClInclude Include="Source\render_engine.hpp">
      <Filter>src\Rendering System\Core</Filter>
    </ClInclude>
    <ClInclude Include="Source\shader_bus.hpp">
      <Filter>src\Rendering System\Miscellaneous</Filter>
    </ClInclude>
    <ClInclude Include="Source\shadow_manager.hpp">
      <Filter>src\Rendering System\Miscellaneous</Filter>
    </ClInclude>
    <ClInclude Include="Source\window_manager.hpp">
      <Filter>src\Rendering System\Miscellaneous</Filter>
    </ClInclude>
    <ClInclude Include="Source\opengl_buffer.hpp">
      <Filter>src\Rendering System\OpenGL</Filter>
    </ClInclude>
    <ClInclude Include="Source\opengl_framebuffer.hpp">
      <Filter>src\Rendering System\OpenGL</Filter>
    </ClInclude>
    <ClInclude Include="Source\opengl_shader.hpp">
      <Filter>src\Rendering System\OpenGL</Filter>
    </ClInclude>
    <ClInclude Include="Source\camera_manager.hpp">
      <Filter>src\Miscellaneous</Filter>
    </ClInclude>
    <ClInclude Include="Source\input_handler.hpp">
      <Filter>src\Miscellaneous</Filter>
    </ClInclude>
    <ClInclude Include="Source\input_types.hpp">
      <Filter>src\Miscellaneous</Filter>
    </ClInclude>
    <ClInclude Include="Source\logger.hpp">
      <Filter>src\Miscellaneous</Filter>
    </ClInclude>
    <ClInclude Include="Source\timer.hpp">
      <Filter>src\Miscellaneous</Filter>
    </ClInclude>
    <ClInclude Include="Source\tools.hpp">
      <Filter>src\Miscellaneous</Filter>
    </ClInclude>
    <ClInclude Include="Source\configuration.hpp">
      <Filter>src\Miscellaneous</Filter>
    </ClInclude>
    <ClInclude Include="Source\engine_gui_scrollinglist.hpp">
      <Filter>src\GUI System</Filter>
    </ClInclude>
    <ClInclude Include="Source\aabb_entity_renderer.hpp">
      <Filter>src\Rendering System\Renderers\Entity Renderers</Filter>
    </ClInclude>
    <ClInclude Include="Source\base_entity_renderer.hpp">
      <Filter>src\Rendering System\Renderers\Entity Renderers</Filter>
    </ClInclude>
    <ClInclude Include="Source\billboard_entity_renderer.hpp">
      <Filter>src\Rendering System\Renderers\Entity Renderers</Filter>
    </ClInclude>
    <ClInclude Include="Source\game_entity_renderer.hpp">
      <Filter>src\Rendering System\Renderers\Entity Renderers</Filter>
    </ClInclude>
    <ClInclude Include="Source\gui_entity_renderer.hpp">
      <Filter>src\Rendering System\Renderers\Entity Renderers</Filter>
    </ClInclude>
    <ClInclude Include="Source\sky_entity_renderer.hpp">
      <Filter>src\Rendering System\Renderers\Entity Renderers</Filter>
    </ClInclude>
    <ClInclude Include="Source\terrain_entity_renderer.hpp">
      <Filter>src\Rendering System\Renderers\Entity Renderers</Filter>
    </ClInclude>
    <ClInclude Include="Source\water_entity_renderer.hpp">
      <Filter>src\Rendering System\Renderers\Entity Renderers</Filter>
    </ClInclude>
    <ClInclude Include="Source\bloom_hdr_renderer.hpp">
      <Filter>src\Rendering System\Renderers\Miscellaneous Renderers</Filter>
    </ClInclude>
    <ClInclude Include="Source\blur_renderer.hpp">
      <Filter>src\Rendering System\Renderers\Miscellaneous Renderers</Filter>
    </ClInclude>
    <ClInclude Include="Source\depth_renderer.hpp">
      <Filter>src\Rendering System\Renderers\Miscellaneous Renderers</Filter>
    </ClInclude>
    <ClInclude Include="Source\final_renderer.hpp">
      <Filter>src\Rendering System\Renderers\Miscellaneous Renderers</Filter>
    </ClInclude>
    <ClInclude Include="Source\post_renderer.hpp">
      <Filter>src\Rendering System\Renderers\Miscellaneous Renderers</Filter>
    </ClInclude>
    <ClInclude Include="Source\shadow_renderer.hpp">
      <Filter>src\Rendering System\Renderers\Miscellaneous Renderers</Filter>
    </ClInclude>
    <ClInclude Include="Source\world_editor.hpp">
      <Filter>src\Editor System\World Editor</Filter>
    </ClInclude>
    <ClInclude Include="Source\billboard_editor.hpp">
      <Filter>src\Editor System\Billboard Editor</Filter>
    </ClInclude>
    <ClInclude Include="Source\entity_placer.hpp">
      <Filter>src\Editor System\Entity Placer</Filter>
    </ClInclude>
  </ItemGroup>
  <ItemGroup>
    <Filter Include="src">
      <UniqueIdentifier>{bc06f263-fac4-43ce-9538-74713bac6026}</UniqueIdentifier>
    </Filter>
    <Filter Include="src\Scripting System">
      <UniqueIdentifier>{66b5b776-14b5-4e28-b097-e30c8ce0cb37}</UniqueIdentifier>
    </Filter>
    <Filter Include="src\Physics System">
      <UniqueIdentifier>{75557977-53ff-4cfc-806f-eed57831ba34}</UniqueIdentifier>
    </Filter>
    <Filter Include="src\Rendering System">
      <UniqueIdentifier>{e9f298fb-a872-49c0-a35d-35fa73466a91}</UniqueIdentifier>
    </Filter>
    <Filter Include="src\Rendering System\Shaders">
      <UniqueIdentifier>{440d9f47-a6e1-4a10-9e27-c47bebabcdff}</UniqueIdentifier>
    </Filter>
    <Filter Include="src\Rendering System\Renderers">
      <UniqueIdentifier>{b5b89d31-2832-4f44-85dd-a84bcfca9b3d}</UniqueIdentifier>
    </Filter>
    <Filter Include="src\Rendering System\Core">
      <UniqueIdentifier>{5b4059b8-26d7-4cdf-a4fe-6519113f74f2}</UniqueIdentifier>
    </Filter>
    <Filter Include="src\Rendering System\OpenGL">
      <UniqueIdentifier>{30487a92-5701-4893-8750-39fbd5335d0c}</UniqueIdentifier>
    </Filter>
    <Filter Include="src\Rendering System\Miscellaneous">
      <UniqueIdentifier>{b72c0402-30db-4107-9507-7df679c190bb}</UniqueIdentifier>
    </Filter>
    <Filter Include="src\Entity System">
      <UniqueIdentifier>{c4f63f5b-6652-4b41-845d-38b4f82486c3}</UniqueIdentifier>
    </Filter>
    <Filter Include="src\Entity System\Managers">
      <UniqueIdentifier>{8349d534-6683-47a7-82df-798f5743f887}</UniqueIdentifier>
    </Filter>
    <Filter Include="src\Entity System\Miscellaneous">
      <UniqueIdentifier>{a9383fde-24d2-4de4-a47c-903abf1b7f05}</UniqueIdentifier>
    </Filter>
    <Filter Include="src\Editor System">
      <UniqueIdentifier>{8ca24fe3-a649-4483-b1b1-2837c12a5264}</UniqueIdentifier>
    </Filter>
    <Filter Include="src\Core System">
      <UniqueIdentifier>{b28fd9fc-ea3d-4ea5-b1eb-7ed64679c6f7}</UniqueIdentifier>
    </Filter>
    <Filter Include="src\Audio System">
      <UniqueIdentifier>{48f63bff-ec2c-4a9e-b2e9-b9f2dba9c765}</UniqueIdentifier>
    </Filter>
    <Filter Include="src\Asset Management System">
      <UniqueIdentifier>{fc66ec1d-2a5f-4b21-bd69-5c97bdd2cb50}</UniqueIdentifier>
    </Filter>
    <Filter Include="src\Audio System\Data Structures">
      <UniqueIdentifier>{412a7d32-270f-499c-8d25-11e2a3f24ca2}</UniqueIdentifier>
    </Filter>
    <Filter Include="src\Audio System\Core">
      <UniqueIdentifier>{e4b03c05-682e-4cc6-900b-acbd387da2f7}</UniqueIdentifier>
    </Filter>
    <Filter Include="src\Editor System\Model Editor">
      <UniqueIdentifier>{06b28638-e83d-4d54-abcf-c2c9adef26f9}</UniqueIdentifier>
    </Filter>
    <Filter Include="src\Editor System\World Editor">
      <UniqueIdentifier>{f2efcfc8-0ca8-4e00-93b6-56ca366b00b0}</UniqueIdentifier>
    </Filter>
    <Filter Include="src\Physics System\Core">
      <UniqueIdentifier>{122040e7-a21b-4601-8455-4f3c46a93e92}</UniqueIdentifier>
    </Filter>
    <Filter Include="src\Physics System\Data Structures">
      <UniqueIdentifier>{85d6b054-b6d8-4ce0-8705-825ac70350bb}</UniqueIdentifier>
    </Filter>
    <Filter Include="src\Entity System\Data Structures">
      <UniqueIdentifier>{92fda4cb-6e05-4e02-8f6a-a76bd5d1c326}</UniqueIdentifier>
    </Filter>
    <Filter Include="src\GUI System">
      <UniqueIdentifier>{1dca8087-942c-4fd8-a32e-1cec42430193}</UniqueIdentifier>
    </Filter>
    <Filter Include="src\Asset Management System\Models">
      <UniqueIdentifier>{921aaa51-52b5-4d6a-a33b-f48c1e440469}</UniqueIdentifier>
    </Filter>
    <Filter Include="src\Asset Management System\Textures">
      <UniqueIdentifier>{079f90fa-d7da-4f97-8a7b-9b286362b158}</UniqueIdentifier>
    </Filter>
    <Filter Include="src\Rendering System\Renderers\Entity Renderers">
      <UniqueIdentifier>{54c25f09-3220-4c6c-b15e-45083cb939f7}</UniqueIdentifier>
    </Filter>
    <Filter Include="src\Rendering System\Renderers\Miscellaneous Renderers">
      <UniqueIdentifier>{cccd91a7-d567-439a-9320-89a021725512}</UniqueIdentifier>
    </Filter>
    <Filter Include="src\Rendering System\Shaders\Entity Shaders">
      <UniqueIdentifier>{eec82fec-b749-4b59-9130-723362e30bfd}</UniqueIdentifier>
    </Filter>
    <Filter Include="src\Rendering System\Shaders\Miscellaneous Shaders">
      <UniqueIdentifier>{ba3f977f-60c8-4394-a904-03e654361fbd}</UniqueIdentifier>
    </Filter>
    <Filter Include="src\Miscellaneous">
      <UniqueIdentifier>{9232271b-e823-495c-8b98-23b8a2564d81}</UniqueIdentifier>
    </Filter>
    <Filter Include="src\Engine Controller System">
      <UniqueIdentifier>{a49d2036-9114-4ebe-9349-1f64805d444c}</UniqueIdentifier>
    </Filter>
    <Filter Include="src\Editor System\Script Editor">
      <UniqueIdentifier>{da14d31f-6d01-4e12-a50c-99a603867d27}</UniqueIdentifier>
    </Filter>
    <Filter Include="src\Editor System\Billboard Editor">
      <UniqueIdentifier>{4902a467-bd9d-455d-a931-8ac0469043e9}</UniqueIdentifier>
    </Filter>
    <Filter Include="src\Editor System\Entity Placer">
      <UniqueIdentifier>{73f39bce-8d65-416c-abaa-6ed990784a08}</UniqueIdentifier>
    </Filter>
  </ItemGroup>
  <ItemGroup>
    <None Include="..\FabiEngine3D\Engine\Shaders\aabb_entity_shader.frag">
      <Filter>src\Rendering System\Shaders\Entity Shaders</Filter>
    </None>
    <None Include="..\FabiEngine3D\Engine\Shaders\aabb_entity_shader.vert">
      <Filter>src\Rendering System\Shaders\Entity Shaders</Filter>
    </None>
    <None Include="..\FabiEngine3D\Engine\Shaders\billboard_entity_shader.frag">
      <Filter>src\Rendering System\Shaders\Entity Shaders</Filter>
    </None>
    <None Include="..\FabiEngine3D\Engine\Shaders\billboard_entity_shader.vert">
      <Filter>src\Rendering System\Shaders\Entity Shaders</Filter>
    </None>
    <None Include="..\FabiEngine3D\Engine\Shaders\game_entity_shader.frag">
      <Filter>src\Rendering System\Shaders\Entity Shaders</Filter>
    </None>
    <None Include="..\FabiEngine3D\Engine\Shaders\game_entity_shader.vert">
      <Filter>src\Rendering System\Shaders\Entity Shaders</Filter>
    </None>
    <None Include="..\FabiEngine3D\Engine\Shaders\sky_entity_shader.frag">
      <Filter>src\Rendering System\Shaders\Entity Shaders</Filter>
    </None>
    <None Include="..\FabiEngine3D\Engine\Shaders\sky_entity_shader.vert">
      <Filter>src\Rendering System\Shaders\Entity Shaders</Filter>
    </None>
    <None Include="..\FabiEngine3D\Engine\Shaders\terrain_entity_shader.frag">
      <Filter>src\Rendering System\Shaders\Entity Shaders</Filter>
    </None>
    <None Include="..\FabiEngine3D\Engine\Shaders\terrain_entity_shader.vert">
      <Filter>src\Rendering System\Shaders\Entity Shaders</Filter>
    </None>
    <None Include="..\FabiEngine3D\Engine\Shaders\water_entity_shader.frag">
      <Filter>src\Rendering System\Shaders\Entity Shaders</Filter>
    </None>
    <None Include="..\FabiEngine3D\Engine\Shaders\water_entity_shader.vert">
      <Filter>src\Rendering System\Shaders\Entity Shaders</Filter>
    </None>
    <None Include="..\FabiEngine3D\Engine\Shaders\gui_entity_shader.frag">
      <Filter>src\Rendering System\Shaders\Entity Shaders</Filter>
    </None>
    <None Include="..\FabiEngine3D\Engine\Shaders\gui_entity_shader.vert">
      <Filter>src\Rendering System\Shaders\Entity Shaders</Filter>
    </None>
    <None Include="..\FabiEngine3D\Engine\Shaders\bloom_hdr_shader.frag">
      <Filter>src\Rendering System\Shaders\Miscellaneous Shaders</Filter>
    </None>
    <None Include="..\FabiEngine3D\Engine\Shaders\bloom_hdr_shader.vert">
      <Filter>src\Rendering System\Shaders\Miscellaneous Shaders</Filter>
    </None>
    <None Include="..\FabiEngine3D\Engine\Shaders\blur_shader.frag">
      <Filter>src\Rendering System\Shaders\Miscellaneous Shaders</Filter>
    </None>
    <None Include="..\FabiEngine3D\Engine\Shaders\blur_shader.vert">
      <Filter>src\Rendering System\Shaders\Miscellaneous Shaders</Filter>
    </None>
    <None Include="..\FabiEngine3D\Engine\Shaders\depth_shader.frag">
      <Filter>src\Rendering System\Shaders\Miscellaneous Shaders</Filter>
    </None>
    <None Include="..\FabiEngine3D\Engine\Shaders\depth_shader.vert">
      <Filter>src\Rendering System\Shaders\Miscellaneous Shaders</Filter>
    </None>
    <None Include="..\FabiEngine3D\Engine\Shaders\final_shader.frag">
      <Filter>src\Rendering System\Shaders\Miscellaneous Shaders</Filter>
    </None>
    <None Include="..\FabiEngine3D\Engine\Shaders\final_shader.vert">
      <Filter>src\Rendering System\Shaders\Miscellaneous Shaders</Filter>
    </None>
    <None Include="..\FabiEngine3D\Engine\Shaders\post_shader.frag">
      <Filter>src\Rendering System\Shaders\Miscellaneous Shaders</Filter>
    </None>
    <None Include="..\FabiEngine3D\Engine\Shaders\post_shader.vert">
      <Filter>src\Rendering System\Shaders\Miscellaneous Shaders</Filter>
    </None>
    <None Include="..\FabiEngine3D\Engine\Shaders\shadow_shader.frag">
      <Filter>src\Rendering System\Shaders\Miscellaneous Shaders</Filter>
    </None>
    <None Include="..\FabiEngine3D\Engine\Shaders\shadow_shader.vert">
      <Filter>src\Rendering System\Shaders\Miscellaneous Shaders</Filter>
    </None>
  </ItemGroup>
</Project>