<?xml version="1.0" encoding="utf-8"?>
<Project ToolsVersion="4.0" xmlns="http://schemas.microsoft.com/developer/msbuild/2003">
  <ItemGroup>
    <ClCompile Include="Source\audio_manager.cpp">
      <Filter>src\Audio System\Core</Filter>
    </ClCompile>
    <ClCompile Include="Source\audio_player.cpp">
      <Filter>src\Audio System\Core</Filter>
    </ClCompile>
    <ClCompile Include="Source\audio_chunk.cpp">
      <Filter>src\Audio System\Data Structures</Filter>
    </ClCompile>
    <ClCompile Include="Source\audio_music.cpp">
      <Filter>src\Audio System\Data Structures</Filter>
    </ClCompile>
    <ClCompile Include="Source\entity_bus.cpp">
      <Filter>src\Entity System\Miscellaneous</Filter>
    </ClCompile>
    <ClCompile Include="Source\collision_detector.cpp">
      <Filter>src\Physics System\Core</Filter>
    </ClCompile>
    <ClCompile Include="Source\collision_resolver.cpp">
      <Filter>src\Physics System\Core</Filter>
    </ClCompile>
    <ClCompile Include="Source\collision.cpp">
      <Filter>src\Physics System\Data Structures</Filter>
    </ClCompile>
    <ClCompile Include="Source\shadow_manager.cpp">
      <Filter>src\Rendering System\Miscellaneous</Filter>
    </ClCompile>
    <ClCompile Include="Source\window_manager.cpp">
      <Filter>src\Rendering System\Miscellaneous</Filter>
    </ClCompile>
    <ClCompile Include="Source\opengl_buffer.cpp">
      <Filter>src\Rendering System\OpenGL</Filter>
    </ClCompile>
    <ClCompile Include="Source\opengl_shader.cpp">
      <Filter>src\Rendering System\OpenGL</Filter>
    </ClCompile>
    <ClCompile Include="Source\bloom_hdr_renderer.cpp">
      <Filter>src\Rendering System\Renderers\Miscellaneous Renderers</Filter>
    </ClCompile>
    <ClCompile Include="Source\blur_renderer.cpp">
      <Filter>src\Rendering System\Renderers\Miscellaneous Renderers</Filter>
    </ClCompile>
    <ClCompile Include="Source\depth_renderer.cpp">
      <Filter>src\Rendering System\Renderers\Miscellaneous Renderers</Filter>
    </ClCompile>
    <ClCompile Include="Source\final_renderer.cpp">
      <Filter>src\Rendering System\Renderers\Miscellaneous Renderers</Filter>
    </ClCompile>
    <ClCompile Include="Source\post_renderer.cpp">
      <Filter>src\Rendering System\Renderers\Miscellaneous Renderers</Filter>
    </ClCompile>
    <ClCompile Include="Source\shadow_renderer.cpp">
      <Filter>src\Rendering System\Renderers\Miscellaneous Renderers</Filter>
    </ClCompile>
    <ClCompile Include="Source\main.cpp">
      <Filter>src\Core System\Core</Filter>
    </ClCompile>
    <ClCompile Include="Source\configuration.cpp">
      <Filter>src\Miscellaneous\Other</Filter>
    </ClCompile>
    <ClCompile Include="Source\input_handler.cpp">
      <Filter>src\Miscellaneous\Other</Filter>
    </ClCompile>
    <ClCompile Include="Source\timer.cpp">
      <Filter>src\Miscellaneous\Other</Filter>
    </ClCompile>
    <ClCompile Include="Source\tools.cpp">
      <Filter>src\Miscellaneous\Other</Filter>
    </ClCompile>
    <ClCompile Include="Source\opengl_framebuffer_misc.cpp">
      <Filter>src\Rendering System\OpenGL</Filter>
    </ClCompile>
    <ClCompile Include="Source\core_engine_misc.cpp">
      <Filter>src\Core System\Core</Filter>
    </ClCompile>
    <ClCompile Include="Source\engine_controller.cpp">
      <Filter>src\Engine Controller System\Core Controller</Filter>
    </ClCompile>
    <ClCompile Include="Source\fabi_engine_3d.cpp">
      <Filter>src\Core System\Interface\Core</Filter>
    </ClCompile>
    <ClCompile Include="Source\fabi_engine_3d_audio.cpp">
      <Filter>src\Core System\Interface\Miscellaneous</Filter>
    </ClCompile>
    <ClCompile Include="Source\fabi_engine_3d_camera.cpp">
      <Filter>src\Core System\Interface\Miscellaneous</Filter>
    </ClCompile>
    <ClCompile Include="Source\fabi_engine_3d_collision.cpp">
      <Filter>src\Core System\Interface\Miscellaneous</Filter>
    </ClCompile>
    <ClCompile Include="Source\fabi_engine_3d_graphics.cpp">
      <Filter>src\Core System\Interface\Miscellaneous</Filter>
    </ClCompile>
    <ClCompile Include="Source\fabi_engine_3d_input.cpp">
      <Filter>src\Core System\Interface\Miscellaneous</Filter>
    </ClCompile>
    <ClCompile Include="Source\scene_editor_updates.cpp">
      <Filter>src\Editor System\Scene Editor\Core</Filter>
    </ClCompile>
    <ClCompile Include="Source\scene_editor_light_placing.cpp">
      <Filter>src\Editor System\Scene Editor\Lighting</Filter>
    </ClCompile>
    <ClCompile Include="Source\scene_editor_light_updates.cpp">
      <Filter>src\Editor System\Scene Editor\Lighting</Filter>
    </ClCompile>
    <ClCompile Include="Source\scene_editor_billboard_updates.cpp">
      <Filter>src\Editor System\Scene Editor\Billboards</Filter>
    </ClCompile>
    <ClCompile Include="Source\scene_editor_model_placing.cpp">
      <Filter>src\Editor System\Scene Editor\Models</Filter>
    </ClCompile>
    <ClCompile Include="Source\scene_editor_model_updates.cpp">
      <Filter>src\Editor System\Scene Editor\Models</Filter>
    </ClCompile>
    <ClCompile Include="Source\settings_editor.cpp">
      <Filter>src\Editor System\Settings Editor</Filter>
    </ClCompile>
    <ClCompile Include="Source\script.cpp">
      <Filter>src\Scripting System\Core</Filter>
    </ClCompile>
    <ClCompile Include="Source\model_editor_misc.cpp">
      <Filter>src\Editor System\Model Editor\Miscellaneous</Filter>
    </ClCompile>
    <ClCompile Include="Source\model_editor_updates_lighting.cpp">
      <Filter>src\Editor System\Model Editor\Updates</Filter>
    </ClCompile>
    <ClCompile Include="Source\model_editor_updates_mesh.cpp">
      <Filter>src\Editor System\Model Editor\Updates</Filter>
    </ClCompile>
    <ClCompile Include="Source\model_editor_updates_options.cpp">
      <Filter>src\Editor System\Model Editor\Updates</Filter>
    </ClCompile>
    <ClCompile Include="Source\model_editor_updates_size.cpp">
      <Filter>src\Editor System\Model Editor\Updates</Filter>
    </ClCompile>
    <ClCompile Include="Source\billboard_editor_updates.cpp">
      <Filter>src\Editor System\Billboard Editor\Updates</Filter>
    </ClCompile>
    <ClCompile Include="Source\billboard_editor_misc.cpp">
      <Filter>src\Editor System\Billboard Editor\Miscellaneous</Filter>
    </ClCompile>
    <ClCompile Include="Source\script_editor_updates.cpp">
      <Filter>src\Editor System\Script Editor\Updates</Filter>
    </ClCompile>
    <ClCompile Include="Source\script_editor_misc.cpp">
      <Filter>src\Editor System\Script Editor\Miscellaneous</Filter>
    </ClCompile>
    <ClCompile Include="Source\engine_gui_global_screen_misc.cpp">
      <Filter>src\GUI System\Core</Filter>
    </ClCompile>
    <ClCompile Include="Source\engine_gui_manager.cpp">
      <Filter>src\GUI System\Core</Filter>
    </ClCompile>
    <ClCompile Include="Source\engine_gui_button.cpp">
      <Filter>src\GUI System\Elements</Filter>
    </ClCompile>
    <ClCompile Include="Source\engine_gui_rectangle.cpp">
      <Filter>src\GUI System\Elements</Filter>
    </ClCompile>
    <ClCompile Include="Source\engine_gui_scrollinglist.cpp">
      <Filter>src\GUI System\Elements</Filter>
    </ClCompile>
    <ClCompile Include="Source\engine_gui_textfield.cpp">
      <Filter>src\GUI System\Elements</Filter>
    </ClCompile>
    <ClCompile Include="Source\engine_gui_viewport.cpp">
      <Filter>src\GUI System\Elements</Filter>
    </ClCompile>
    <ClCompile Include="Source\engine_gui_window.cpp">
      <Filter>src\GUI System\Elements</Filter>
    </ClCompile>
    <ClCompile Include="Source\engine_gui_writefield.cpp">
      <Filter>src\GUI System\Elements</Filter>
    </ClCompile>
    <ClCompile Include="Source\script_file.cpp">
      <Filter>src\Scripting System\Core</Filter>
    </ClCompile>
    <ClCompile Include="Source\script_editor_writer.cpp">
      <Filter>src\Editor System\Script Editor\Updates</Filter>
    </ClCompile>
    <ClCompile Include="Source\model_editor_updates_aabb.cpp">
      <Filter>src\Editor System\Model Editor\Updates</Filter>
    </ClCompile>
    <ClCompile Include="Source\scene_editor_loading.cpp">
      <Filter>src\Editor System\Scene Editor\Persistency</Filter>
    </ClCompile>
    <ClCompile Include="Source\scene_editor_saving.cpp">
      <Filter>src\Editor System\Scene Editor\Persistency</Filter>
    </ClCompile>
    <ClCompile Include="Source\script_editor_persistence.cpp">
      <Filter>src\Editor System\Script Editor\Core</Filter>
    </ClCompile>
    <ClCompile Include="Source\billboard_editor_persistence.cpp">
      <Filter>src\Editor System\Billboard Editor\Core</Filter>
    </ClCompile>
    <ClCompile Include="Source\scene_editor_environment.cpp">
      <Filter>src\Editor System\Scene Editor\Environment</Filter>
    </ClCompile>
    <ClCompile Include="Source\script_executor.cpp">
      <Filter>src\Scripting System\Execution\Executor</Filter>
    </ClCompile>
    <ClCompile Include="Source\script_editor_selector.cpp">
      <Filter>src\Editor System\Script Editor\Updates</Filter>
    </ClCompile>
    <ClCompile Include="Source\environment_editor_misc.cpp">
      <Filter>src\Editor System\Environment Editor\Miscellaneous</Filter>
    </ClCompile>
    <ClCompile Include="Source\environment_editor_persistence_sky.cpp">
      <Filter>src\Editor System\Environment Editor\Persistence</Filter>
    </ClCompile>
    <ClCompile Include="Source\environment_editor_persistence_terrain.cpp">
      <Filter>src\Editor System\Environment Editor\Persistence</Filter>
    </ClCompile>
    <ClCompile Include="Source\environment_editor_persistence_water.cpp">
      <Filter>src\Editor System\Environment Editor\Persistence</Filter>
    </ClCompile>
    <ClCompile Include="Source\audio_editor_updates.cpp">
      <Filter>src\Editor System\Audio Editor\Updates</Filter>
    </ClCompile>
    <ClCompile Include="Source\audio_editor_misc.cpp">
      <Filter>src\Editor System\Audio Editor\Miscellaneous</Filter>
    </ClCompile>
    <ClCompile Include="Source\audio_editor_persistence.cpp">
      <Filter>src\Editor System\Audio Editor\Core</Filter>
    </ClCompile>
    <ClCompile Include="Source\scene_editor_audio_updates.cpp">
      <Filter>src\Editor System\Scene Editor\Audio</Filter>
    </ClCompile>
    <ClCompile Include="Source\scene_editor_audio_placing.cpp">
      <Filter>src\Editor System\Scene Editor\Audio</Filter>
    </ClCompile>
    <ClCompile Include="Source\script_interpreter_execution.cpp">
      <Filter>src\Scripting System\Execution\Interpreter\Core</Filter>
    </ClCompile>
    <ClCompile Include="Source\script_interpreter_misc.cpp">
      <Filter>src\Scripting System\Execution\Interpreter\Miscellaneous</Filter>
    </ClCompile>
    <ClCompile Include="Source\script_interpreter_variable_misc.cpp">
      <Filter>src\Scripting System\Execution\Interpreter\Variable</Filter>
    </ClCompile>
    <ClCompile Include="Source\script_interpreter_variable_arithmetic.cpp">
      <Filter>src\Scripting System\Execution\Interpreter\Variable</Filter>
    </ClCompile>
    <ClCompile Include="Source\script_interpreter_variable_create.cpp">
      <Filter>src\Scripting System\Execution\Interpreter\Variable</Filter>
    </ClCompile>
    <ClCompile Include="Source\script_interpreter_variable_edit.cpp">
      <Filter>src\Scripting System\Execution\Interpreter\Variable</Filter>
    </ClCompile>
    <ClCompile Include="Source\script_interpreter_list_misc.cpp">
      <Filter>src\Scripting System\Execution\Interpreter\List</Filter>
    </ClCompile>
    <ClCompile Include="Source\script_interpreter_condition.cpp">
      <Filter>src\Scripting System\Execution\Interpreter\Condition</Filter>
    </ClCompile>
    <ClCompile Include="Source\animation_editor_misc.cpp">
      <Filter>src\Editor System\Animation Editor\Miscellaneous</Filter>
    </ClCompile>
    <ClCompile Include="Source\animation_editor_updates.cpp">
      <Filter>src\Editor System\Animation Editor\Updates</Filter>
    </ClCompile>
    <ClCompile Include="Source\animation_editor_persistence.cpp">
      <Filter>src\Editor System\Animation Editor\Core</Filter>
    </ClCompile>
    <ClCompile Include="Source\animation_editor_execution.cpp">
      <Filter>src\Editor System\Animation Editor\Miscellaneous</Filter>
    </ClCompile>
    <ClCompile Include="Source\animation_editor_lifecycle.cpp">
      <Filter>src\Editor System\Animation Editor\Miscellaneous</Filter>
    </ClCompile>
    <ClCompile Include="Source\texture_loader_interface.cpp">
      <Filter>src\Asset Management System\Texture</Filter>
    </ClCompile>
    <ClCompile Include="Source\ivector2.cpp">
      <Filter>src\Math System\Vector</Filter>
    </ClCompile>
    <ClCompile Include="Source\ivector3.cpp">
      <Filter>src\Math System\Vector</Filter>
    </ClCompile>
    <ClCompile Include="Source\matrix33.cpp">
      <Filter>src\Math System\Matrix</Filter>
    </ClCompile>
    <ClCompile Include="Source\matrix44.cpp">
      <Filter>src\Math System\Matrix</Filter>
    </ClCompile>
    <ClCompile Include="Source\matrix44_functions.cpp">
      <Filter>src\Math System\Matrix</Filter>
    </ClCompile>
    <ClCompile Include="Source\vector2.cpp">
      <Filter>src\Math System\Vector</Filter>
    </ClCompile>
    <ClCompile Include="Source\vector3.cpp">
      <Filter>src\Math System\Vector</Filter>
    </ClCompile>
    <ClCompile Include="Source\vector4.cpp">
      <Filter>src\Math System\Vector</Filter>
    </ClCompile>
    <ClCompile Include="Source\script_value.cpp">
      <Filter>src\Scripting System\Data Structures</Filter>
    </ClCompile>
    <ClCompile Include="Source\script_variable.cpp">
      <Filter>src\Scripting System\Data Structures</Filter>
    </ClCompile>
    <ClCompile Include="Source\audio_loader.cpp">
      <Filter>src\Asset Management System\Audio</Filter>
    </ClCompile>
    <ClCompile Include="Source\ray_caster.cpp">
      <Filter>src\Miscellaneous\Other</Filter>
    </ClCompile>
    <ClCompile Include="Source\scene_editor_gui.cpp">
      <Filter>src\Editor System\Scene Editor\Core</Filter>
    </ClCompile>
    <ClCompile Include="Source\mesh_loader_interface.cpp">
      <Filter>src\Asset Management System\Mesh</Filter>
    </ClCompile>
    <ClCompile Include="Source\fabi_engine_3d_misc_getters.cpp">
      <Filter>src\Core System\Interface\Miscellaneous</Filter>
    </ClCompile>
    <ClCompile Include="Source\fabi_engine_3d_misc_setters.cpp">
      <Filter>src\Core System\Interface\Miscellaneous</Filter>
    </ClCompile>
    <ClCompile Include="Source\billboard_editor_updates_edit.cpp">
      <Filter>src\Editor System\Billboard Editor\Updates</Filter>
    </ClCompile>
    <ClCompile Include="Source\environment_editor_updates_sky_misc.cpp">
      <Filter>src\Editor System\Environment Editor\Updates\Sky</Filter>
    </ClCompile>
    <ClCompile Include="Source\environment_editor_updates_terrain_misc.cpp">
      <Filter>src\Editor System\Environment Editor\Updates\Terrain</Filter>
    </ClCompile>
    <ClCompile Include="Source\environment_editor_updates_water_misc.cpp">
      <Filter>src\Editor System\Environment Editor\Updates\Water</Filter>
    </ClCompile>
    <ClCompile Include="Source\environment_editor_updates_water_edit.cpp">
      <Filter>src\Editor System\Environment Editor\Updates\Water</Filter>
    </ClCompile>
    <ClCompile Include="Source\environment_editor_updates_sky_edit.cpp">
      <Filter>src\Editor System\Environment Editor\Updates\Sky</Filter>
    </ClCompile>
    <ClCompile Include="Source\audio_editor_updates_edit.cpp">
      <Filter>src\Editor System\Audio Editor\Updates</Filter>
    </ClCompile>
    <ClCompile Include="Source\animation_editor_updates_edit_main.cpp">
      <Filter>src\Editor System\Animation Editor\Updates</Filter>
    </ClCompile>
    <ClCompile Include="Source\animation_editor_updates_edit_frame.cpp">
      <Filter>src\Editor System\Animation Editor\Updates</Filter>
    </ClCompile>
    <ClCompile Include="Source\environment_editor_updates.cpp">
      <Filter>src\Editor System\Environment Editor\Updates\Core</Filter>
    </ClCompile>
    <ClCompile Include="Source\model_editor_loading.cpp">
      <Filter>src\Editor System\Model Editor\Persistence</Filter>
    </ClCompile>
    <ClCompile Include="Source\model_editor_saving.cpp">
      <Filter>src\Editor System\Model Editor\Persistence</Filter>
    </ClCompile>
    <ClCompile Include="Source\model_editor_updates_misc.cpp">
      <Filter>src\Editor System\Model Editor\Updates</Filter>
    </ClCompile>
    <ClCompile Include="Source\model_editor_updates_main.cpp">
      <Filter>src\Editor System\Model Editor\Updates</Filter>
    </ClCompile>
    <ClCompile Include="Source\scene_editor_audio_edit.cpp">
      <Filter>src\Editor System\Scene Editor\Audio</Filter>
    </ClCompile>
    <ClCompile Include="Source\scene_editor_billboard_edit.cpp">
      <Filter>src\Editor System\Scene Editor\Billboards</Filter>
    </ClCompile>
    <ClCompile Include="Source\scene_editor_light_edit.cpp">
      <Filter>src\Editor System\Scene Editor\Lighting</Filter>
    </ClCompile>
    <ClCompile Include="Source\scene_editor_model_edit.cpp">
      <Filter>src\Editor System\Scene Editor\Models</Filter>
    </ClCompile>
    <ClCompile Include="Source\scene_editor_settings_updates_one.cpp">
      <Filter>src\Editor System\Scene Editor\Settings</Filter>
    </ClCompile>
    <ClCompile Include="Source\scene_editor_settings_updates_two.cpp">
      <Filter>src\Editor System\Scene Editor\Settings</Filter>
    </ClCompile>
    <ClCompile Include="Source\environment_editor_updates_terrain_edit_one.cpp">
      <Filter>src\Editor System\Environment Editor\Updates\Terrain</Filter>
    </ClCompile>
    <ClCompile Include="Source\environment_editor_updates_terrain_edit_two.cpp">
      <Filter>src\Editor System\Environment Editor\Updates\Terrain</Filter>
    </ClCompile>
    <ClCompile Include="Source\scene_editor_creation_two.cpp">
      <Filter>src\Editor System\Scene Editor\Miscellaneous</Filter>
    </ClCompile>
    <ClCompile Include="Source\scene_editor_creation_one.cpp">
      <Filter>src\Editor System\Scene Editor\Miscellaneous</Filter>
    </ClCompile>
    <ClCompile Include="Source\scene_editor_misc_one.cpp">
      <Filter>src\Editor System\Scene Editor\Miscellaneous</Filter>
    </ClCompile>
    <ClCompile Include="Source\scene_editor_misc_two.cpp">
      <Filter>src\Editor System\Scene Editor\Miscellaneous</Filter>
    </ClCompile>
    <ClCompile Include="Source\engine_gui_screen_misc.cpp">
      <Filter>src\GUI System\Elements</Filter>
    </ClCompile>
    <ClCompile Include="Source\camera_manager_misc.cpp">
      <Filter>src\Miscellaneous\Other</Filter>
    </ClCompile>
    <ClCompile Include="Source\camera_manager_main.cpp">
      <Filter>src\Miscellaneous\Other</Filter>
    </ClCompile>
    <ClCompile Include="Source\opengl_framebuffer_main.cpp">
      <Filter>src\Rendering System\OpenGL</Filter>
    </ClCompile>
    <ClCompile Include="Source\mesh_loader_main.cpp">
      <Filter>src\Asset Management System\Mesh</Filter>
    </ClCompile>
    <ClCompile Include="Source\texture_loader_main.cpp">
      <Filter>src\Asset Management System\Texture</Filter>
    </ClCompile>
    <ClCompile Include="Source\core_engine_main.cpp">
      <Filter>src\Core System\Core</Filter>
    </ClCompile>
    <ClCompile Include="Source\animation_editor_main.cpp">
      <Filter>src\Editor System\Animation Editor\Core</Filter>
    </ClCompile>
    <ClCompile Include="Source\audio_editor_main.cpp">
      <Filter>src\Editor System\Audio Editor\Core</Filter>
    </ClCompile>
    <ClCompile Include="Source\billboard_editor_main.cpp">
      <Filter>src\Editor System\Billboard Editor\Core</Filter>
    </ClCompile>
    <ClCompile Include="Source\environment_editor_main.cpp">
      <Filter>src\Editor System\Environment Editor\Core</Filter>
    </ClCompile>
    <ClCompile Include="Source\model_editor_main.cpp">
      <Filter>src\Editor System\Model Editor\Core</Filter>
    </ClCompile>
    <ClCompile Include="Source\scene_editor_main.cpp">
      <Filter>src\Editor System\Scene Editor\Core</Filter>
    </ClCompile>
    <ClCompile Include="Source\script_editor_main.cpp">
      <Filter>src\Editor System\Script Editor\Core</Filter>
    </ClCompile>
    <ClCompile Include="Source\engine_gui_global_screen_main.cpp">
      <Filter>src\GUI System\Core</Filter>
    </ClCompile>
    <ClCompile Include="Source\script_interpreter_main.cpp">
      <Filter>src\Scripting System\Execution\Interpreter\Core</Filter>
    </ClCompile>
    <ClCompile Include="Source\script_interpreter_list_main.cpp">
      <Filter>src\Scripting System\Execution\Interpreter\List</Filter>
    </ClCompile>
    <ClCompile Include="Source\engine_gui_screen_main.cpp">
      <Filter>src\GUI System\Elements</Filter>
    </ClCompile>
    <ClCompile Include="Source\render_manager_capture_two.cpp">
      <Filter>src\Rendering System\Core</Filter>
    </ClCompile>
    <ClCompile Include="Source\render_manager_capture_one.cpp">
      <Filter>src\Rendering System\Core</Filter>
    </ClCompile>
    <ClCompile Include="Source\render_manager_main.cpp">
      <Filter>src\Rendering System\Core</Filter>
    </ClCompile>
    <ClCompile Include="Source\render_manager_draw.cpp">
      <Filter>src\Rendering System\Core</Filter>
    </ClCompile>
    <ClCompile Include="Source\render_bus_getters.cpp">
      <Filter>src\Rendering System\Miscellaneous</Filter>
    </ClCompile>
    <ClCompile Include="Source\render_bus_setters.cpp">
      <Filter>src\Rendering System\Miscellaneous</Filter>
    </ClCompile>
    <ClCompile Include="Source\sky_entity_renderer.cpp">
      <Filter>src\Rendering System\Renderers\Entity Renderers\Environment</Filter>
    </ClCompile>
    <ClCompile Include="Source\terrain_entity_renderer.cpp">
      <Filter>src\Rendering System\Renderers\Entity Renderers\Environment</Filter>
    </ClCompile>
    <ClCompile Include="Source\water_entity_renderer.cpp">
      <Filter>src\Rendering System\Renderers\Entity Renderers\Environment</Filter>
    </ClCompile>
    <ClCompile Include="Source\aabb_entity_renderer.cpp">
      <Filter>src\Rendering System\Renderers\Entity Renderers\Miscellaneous</Filter>
    </ClCompile>
    <ClCompile Include="Source\billboard_entity_renderer.cpp">
      <Filter>src\Rendering System\Renderers\Entity Renderers\Miscellaneous</Filter>
    </ClCompile>
    <ClCompile Include="Source\game_entity_renderer.cpp">
      <Filter>src\Rendering System\Renderers\Entity Renderers\Miscellaneous</Filter>
    </ClCompile>
    <ClCompile Include="Source\gui_entity_renderer.cpp">
      <Filter>src\Rendering System\Renderers\Entity Renderers\Miscellaneous</Filter>
    </ClCompile>
    <ClCompile Include="Source\script_interpreter_func_fe3d_animations.cpp">
      <Filter>src\Scripting System\Execution\Interpreter\Function\Miscellaneous</Filter>
    </ClCompile>
    <ClCompile Include="Source\script_interpreter_func_fe3d_camera.cpp">
      <Filter>src\Scripting System\Execution\Interpreter\Function\Miscellaneous</Filter>
    </ClCompile>
    <ClCompile Include="Source\script_interpreter_func_fe3d_main.cpp">
      <Filter>src\Scripting System\Execution\Interpreter\Function\Miscellaneous</Filter>
    </ClCompile>
    <ClCompile Include="Source\script_interpreter_func_fe3d_graphics.cpp">
      <Filter>src\Scripting System\Execution\Interpreter\Function\Miscellaneous</Filter>
    </ClCompile>
    <ClCompile Include="Source\script_interpreter_func_fe3d_input.cpp">
      <Filter>src\Scripting System\Execution\Interpreter\Function\Miscellaneous</Filter>
    </ClCompile>
    <ClCompile Include="Source\script_interpreter_func_fe3d_misc.cpp">
      <Filter>src\Scripting System\Execution\Interpreter\Function\Miscellaneous</Filter>
    </ClCompile>
    <ClCompile Include="Source\script_interpreter_func_math.cpp">
      <Filter>src\Scripting System\Execution\Interpreter\Function\Miscellaneous</Filter>
    </ClCompile>
    <ClCompile Include="Source\script_interpreter_func_misc.cpp">
      <Filter>src\Scripting System\Execution\Interpreter\Function\Miscellaneous</Filter>
    </ClCompile>
    <ClCompile Include="Source\sky_entity_manager.cpp">
      <Filter>src\Entity System\Managers\Environment</Filter>
    </ClCompile>
    <ClCompile Include="Source\terrain_entity_manager.cpp">
      <Filter>src\Entity System\Managers\Environment</Filter>
    </ClCompile>
    <ClCompile Include="Source\water_entity_manager.cpp">
      <Filter>src\Entity System\Managers\Environment</Filter>
    </ClCompile>
    <ClCompile Include="Source\aabb_entity_manager.cpp">
      <Filter>src\Entity System\Managers\Miscellaneous</Filter>
    </ClCompile>
    <ClCompile Include="Source\billboard_entity_manager.cpp">
      <Filter>src\Entity System\Managers\Miscellaneous</Filter>
    </ClCompile>
    <ClCompile Include="Source\game_entity_manager.cpp">
      <Filter>src\Entity System\Managers\Miscellaneous</Filter>
    </ClCompile>
    <ClCompile Include="Source\gui_entity_manager.cpp">
      <Filter>src\Entity System\Managers\Miscellaneous</Filter>
    </ClCompile>
    <ClCompile Include="Source\light_entity_manager.cpp">
      <Filter>src\Entity System\Managers\Miscellaneous</Filter>
    </ClCompile>
    <ClCompile Include="Source\text_entity_manager.cpp">
      <Filter>src\Entity System\Managers\Miscellaneous</Filter>
    </ClCompile>
    <ClCompile Include="Source\base_entity_manager_main.cpp">
      <Filter>src\Entity System\Managers\Core</Filter>
    </ClCompile>
    <ClCompile Include="Source\base_entity_manager_misc.cpp">
      <Filter>src\Entity System\Managers\Core</Filter>
    </ClCompile>
    <ClCompile Include="Source\terrain_entity_setters.cpp">
      <Filter>src\Entity System\Data Structures\Environment</Filter>
    </ClCompile>
    <ClCompile Include="Source\terrain_entity_getters.cpp">
      <Filter>src\Entity System\Data Structures\Environment</Filter>
    </ClCompile>
    <ClCompile Include="Source\water_entity.cpp">
      <Filter>src\Entity System\Data Structures\Environment</Filter>
    </ClCompile>
    <ClCompile Include="Source\sky_entity.cpp">
      <Filter>src\Entity System\Data Structures\Environment</Filter>
    </ClCompile>
    <ClCompile Include="Source\aabb_entity.cpp">
      <Filter>src\Entity System\Data Structures\Miscellaneous</Filter>
    </ClCompile>
    <ClCompile Include="Source\billboard_entity.cpp">
      <Filter>src\Entity System\Data Structures\Miscellaneous</Filter>
    </ClCompile>
    <ClCompile Include="Source\game_entity_setters.cpp">
      <Filter>src\Entity System\Data Structures\Miscellaneous</Filter>
    </ClCompile>
    <ClCompile Include="Source\game_entity_getters.cpp">
      <Filter>src\Entity System\Data Structures\Miscellaneous</Filter>
    </ClCompile>
    <ClCompile Include="Source\gui_entity.cpp">
      <Filter>src\Entity System\Data Structures\Miscellaneous</Filter>
    </ClCompile>
    <ClCompile Include="Source\light_entity.cpp">
      <Filter>src\Entity System\Data Structures\Miscellaneous</Filter>
    </ClCompile>
    <ClCompile Include="Source\text_entity.cpp">
      <Filter>src\Entity System\Data Structures\Miscellaneous</Filter>
    </ClCompile>
    <ClCompile Include="Source\base_entity.cpp">
      <Filter>src\Entity System\Data Structures\Core</Filter>
    </ClCompile>
    <ClCompile Include="Source\left_viewport_controller.cpp">
      <Filter>src\Engine Controller System\Viewport Controllers\Left</Filter>
    </ClCompile>
    <ClCompile Include="Source\right_viewport_controller.cpp">
      <Filter>src\Engine Controller System\Viewport Controllers\Right</Filter>
    </ClCompile>
    <ClCompile Include="Source\top_viewport_controller_main.cpp">
      <Filter>src\Engine Controller System\Viewport Controllers\Top</Filter>
    </ClCompile>
    <ClCompile Include="Source\top_viewport_controller_misc.cpp">
      <Filter>src\Engine Controller System\Viewport Controllers\Top</Filter>
    </ClCompile>
    <ClCompile Include="Source\bottom_viewport_controller_main.cpp">
      <Filter>src\Engine Controller System\Viewport Controllers\Bottom</Filter>
    </ClCompile>
    <ClCompile Include="Source\bottom_viewport_controller_console.cpp">
      <Filter>src\Engine Controller System\Viewport Controllers\Bottom</Filter>
    </ClCompile>
    <ClCompile Include="Source\base_viewport_controller.cpp">
      <Filter>src\Engine Controller System\Viewport Controllers\Core</Filter>
    </ClCompile>
    <ClCompile Include="Source\fabi_engine_3d_entity_water.cpp">
      <Filter>src\Core System\Interface\Entities\Environment</Filter>
    </ClCompile>
    <ClCompile Include="Source\fabi_engine_3d_entity_terrain.cpp">
      <Filter>src\Core System\Interface\Entities\Environment</Filter>
    </ClCompile>
    <ClCompile Include="Source\fabi_engine_3d_entity_sky.cpp">
      <Filter>src\Core System\Interface\Entities\Environment</Filter>
    </ClCompile>
    <ClCompile Include="Source\fabi_engine_3d_entity_aabb.cpp">
      <Filter>src\Core System\Interface\Entities\Miscellaneous</Filter>
    </ClCompile>
    <ClCompile Include="Source\fabi_engine_3d_entity_billboard.cpp">
      <Filter>src\Core System\Interface\Entities\Miscellaneous</Filter>
    </ClCompile>
    <ClCompile Include="Source\fabi_engine_3d_entity_game.cpp">
      <Filter>src\Core System\Interface\Entities\Miscellaneous</Filter>
    </ClCompile>
    <ClCompile Include="Source\fabi_engine_3d_entity_gui.cpp">
      <Filter>src\Core System\Interface\Entities\Miscellaneous</Filter>
    </ClCompile>
    <ClCompile Include="Source\fabi_engine_3d_entity_light.cpp">
      <Filter>src\Core System\Interface\Entities\Miscellaneous</Filter>
    </ClCompile>
    <ClCompile Include="Source\fabi_engine_3d_entity_text.cpp">
      <Filter>src\Core System\Interface\Entities\Miscellaneous</Filter>
    </ClCompile>
    <ClCompile Include="Source\base_entity_renderer.cpp">
      <Filter>src\Rendering System\Renderers\Entity Renderers\Core</Filter>
    </ClCompile>
    <ClCompile Include="Source\script_interpreter_func_fe3d_raycast.cpp">
      <Filter>src\Scripting System\Execution\Interpreter\Function\Miscellaneous</Filter>
    </ClCompile>
    <ClCompile Include="Source\script_interpreter_func_fe3d_collision.cpp">
      <Filter>src\Scripting System\Execution\Interpreter\Function\Miscellaneous</Filter>
    </ClCompile>
    <ClCompile Include="Source\script_interpreter_func_fe3d_terrain.cpp">
      <Filter>src\Scripting System\Execution\Interpreter\Function\Entities\Environment</Filter>
    </ClCompile>
    <ClCompile Include="Source\script_interpreter_func_fe3d_water.cpp">
      <Filter>src\Scripting System\Execution\Interpreter\Function\Entities\Environment</Filter>
    </ClCompile>
    <ClCompile Include="Source\script_interpreter_func_fe3d_sky.cpp">
      <Filter>src\Scripting System\Execution\Interpreter\Function\Entities\Environment</Filter>
    </ClCompile>
    <ClCompile Include="Source\script_interpreter_func_fe3d_aabb.cpp">
      <Filter>src\Scripting System\Execution\Interpreter\Function\Entities\Miscellaneous</Filter>
    </ClCompile>
    <ClCompile Include="Source\script_interpreter_func_fe3d_audio.cpp">
      <Filter>src\Scripting System\Execution\Interpreter\Function\Entities\Miscellaneous</Filter>
    </ClCompile>
    <ClCompile Include="Source\script_interpreter_func_fe3d_billboard.cpp">
      <Filter>src\Scripting System\Execution\Interpreter\Function\Entities\Miscellaneous</Filter>
    </ClCompile>
    <ClCompile Include="Source\script_interpreter_func_fe3d_image.cpp">
      <Filter>src\Scripting System\Execution\Interpreter\Function\Entities\Miscellaneous</Filter>
    </ClCompile>
    <ClCompile Include="Source\script_interpreter_func_fe3d_light.cpp">
      <Filter>src\Scripting System\Execution\Interpreter\Function\Entities\Miscellaneous</Filter>
    </ClCompile>
    <ClCompile Include="Source\script_interpreter_func_fe3d_model.cpp">
      <Filter>src\Scripting System\Execution\Interpreter\Function\Entities\Miscellaneous</Filter>
    </ClCompile>
    <ClCompile Include="Source\script_interpreter_func_fe3d_music.cpp">
      <Filter>src\Scripting System\Execution\Interpreter\Function\Entities\Miscellaneous</Filter>
    </ClCompile>
    <ClCompile Include="Source\script_interpreter_func_fe3d_text.cpp">
      <Filter>src\Scripting System\Execution\Interpreter\Function\Entities\Miscellaneous</Filter>
    </ClCompile>
    <ClCompile Include="Source\script_interpreter_func_fe3d_lighting.cpp">
      <Filter>src\Scripting System\Execution\Interpreter\Function\Miscellaneous</Filter>
    </ClCompile>
    <ClCompile Include="Source\scene_editor_billboard_placing.cpp">
      <Filter>src\Editor System\Scene Editor\Billboards</Filter>
    </ClCompile>
  </ItemGroup>
  <ItemGroup>
    <ClInclude Include="Source\texture_loader.hpp">
      <Filter>src\Asset Management System\Texture</Filter>
    </ClInclude>
    <ClInclude Include="Source\audio_manager.hpp">
      <Filter>src\Audio System\Core</Filter>
    </ClInclude>
    <ClInclude Include="Source\audio_player.hpp">
      <Filter>src\Audio System\Core</Filter>
    </ClInclude>
    <ClInclude Include="Source\audio_chunk.hpp">
      <Filter>src\Audio System\Data Structures</Filter>
    </ClInclude>
    <ClInclude Include="Source\audio_music.hpp">
      <Filter>src\Audio System\Data Structures</Filter>
    </ClInclude>
    <ClInclude Include="Source\entity_bus.hpp">
      <Filter>src\Entity System\Miscellaneous</Filter>
    </ClInclude>
    <ClInclude Include="Source\collision_detector.hpp">
      <Filter>src\Physics System\Core</Filter>
    </ClInclude>
    <ClInclude Include="Source\collision_resolver.hpp">
      <Filter>src\Physics System\Core</Filter>
    </ClInclude>
    <ClInclude Include="Source\collision.hpp">
      <Filter>src\Physics System\Data Structures</Filter>
    </ClInclude>
    <ClInclude Include="Source\shadow_manager.hpp">
      <Filter>src\Rendering System\Miscellaneous</Filter>
    </ClInclude>
    <ClInclude Include="Source\window_manager.hpp">
      <Filter>src\Rendering System\Miscellaneous</Filter>
    </ClInclude>
    <ClInclude Include="Source\opengl_buffer.hpp">
      <Filter>src\Rendering System\OpenGL</Filter>
    </ClInclude>
    <ClInclude Include="Source\opengl_framebuffer.hpp">
      <Filter>src\Rendering System\OpenGL</Filter>
    </ClInclude>
    <ClInclude Include="Source\opengl_shader.hpp">
      <Filter>src\Rendering System\OpenGL</Filter>
    </ClInclude>
    <ClInclude Include="Source\bloom_hdr_renderer.hpp">
      <Filter>src\Rendering System\Renderers\Miscellaneous Renderers</Filter>
    </ClInclude>
    <ClInclude Include="Source\blur_renderer.hpp">
      <Filter>src\Rendering System\Renderers\Miscellaneous Renderers</Filter>
    </ClInclude>
    <ClInclude Include="Source\depth_renderer.hpp">
      <Filter>src\Rendering System\Renderers\Miscellaneous Renderers</Filter>
    </ClInclude>
    <ClInclude Include="Source\final_renderer.hpp">
      <Filter>src\Rendering System\Renderers\Miscellaneous Renderers</Filter>
    </ClInclude>
    <ClInclude Include="Source\post_renderer.hpp">
      <Filter>src\Rendering System\Renderers\Miscellaneous Renderers</Filter>
    </ClInclude>
    <ClInclude Include="Source\shadow_renderer.hpp">
      <Filter>src\Rendering System\Renderers\Miscellaneous Renderers</Filter>
    </ClInclude>
    <ClInclude Include="Source\core_engine.hpp">
      <Filter>src\Core System\Core</Filter>
    </ClInclude>
    <ClInclude Include="Source\camera_manager.hpp">
      <Filter>src\Miscellaneous\Other</Filter>
    </ClInclude>
    <ClInclude Include="Source\input_handler.hpp">
      <Filter>src\Miscellaneous\Other</Filter>
    </ClInclude>
    <ClInclude Include="Source\logger.hpp">
      <Filter>src\Miscellaneous\Other</Filter>
    </ClInclude>
    <ClInclude Include="Source\timer.hpp">
      <Filter>src\Miscellaneous\Other</Filter>
    </ClInclude>
    <ClInclude Include="Source\tools.hpp">
      <Filter>src\Miscellaneous\Other</Filter>
    </ClInclude>
    <ClInclude Include="Source\engine_controller.hpp">
      <Filter>src\Engine Controller System\Core Controller</Filter>
    </ClInclude>
    <ClInclude Include="Source\fabi_engine_3d.hpp">
      <Filter>src\Core System\Interface\Core</Filter>
    </ClInclude>
    <ClInclude Include="Source\scene_editor.hpp">
      <Filter>src\Editor System\Scene Editor\Core</Filter>
    </ClInclude>
    <ClInclude Include="Source\render_bus.hpp">
      <Filter>src\Rendering System\Miscellaneous</Filter>
    </ClInclude>
    <ClInclude Include="Source\script.hpp">
      <Filter>src\Scripting System\Core</Filter>
    </ClInclude>
    <ClInclude Include="Source\model_editor.hpp">
      <Filter>src\Editor System\Model Editor\Core</Filter>
    </ClInclude>
    <ClInclude Include="Source\billboard_editor.hpp">
      <Filter>src\Editor System\Billboard Editor\Core</Filter>
    </ClInclude>
    <ClInclude Include="Source\script_editor.hpp">
      <Filter>src\Editor System\Script Editor\Core</Filter>
    </ClInclude>
    <ClInclude Include="Source\engine_gui_global_screen.hpp">
      <Filter>src\GUI System\Core</Filter>
    </ClInclude>
    <ClInclude Include="Source\engine_gui_manager.hpp">
      <Filter>src\GUI System\Core</Filter>
    </ClInclude>
    <ClInclude Include="Source\engine_gui_button.hpp">
      <Filter>src\GUI System\Elements</Filter>
    </ClInclude>
    <ClInclude Include="Source\engine_gui_rectangle.hpp">
      <Filter>src\GUI System\Elements</Filter>
    </ClInclude>
    <ClInclude Include="Source\engine_gui_screen.hpp">
      <Filter>src\GUI System\Elements</Filter>
    </ClInclude>
    <ClInclude Include="Source\engine_gui_scrollinglist.hpp">
      <Filter>src\GUI System\Elements</Filter>
    </ClInclude>
    <ClInclude Include="Source\engine_gui_textfield.hpp">
      <Filter>src\GUI System\Elements</Filter>
    </ClInclude>
    <ClInclude Include="Source\engine_gui_viewport.hpp">
      <Filter>src\GUI System\Elements</Filter>
    </ClInclude>
    <ClInclude Include="Source\engine_gui_window.hpp">
      <Filter>src\GUI System\Elements</Filter>
    </ClInclude>
    <ClInclude Include="Source\engine_gui_writefield.hpp">
      <Filter>src\GUI System\Elements</Filter>
    </ClInclude>
    <ClInclude Include="Source\script_file.hpp">
      <Filter>src\Scripting System\Core</Filter>
    </ClInclude>
    <ClInclude Include="Source\input_types.hpp">
      <Filter>src\Miscellaneous\Enums</Filter>
    </ClInclude>
    <ClInclude Include="Source\transformation_type.hpp">
      <Filter>src\Miscellaneous\Enums</Filter>
    </ClInclude>
    <ClInclude Include="Source\direction.hpp">
      <Filter>src\Miscellaneous\Enums</Filter>
    </ClInclude>
    <ClInclude Include="Source\entity_type.hpp">
      <Filter>src\Miscellaneous\Enums</Filter>
    </ClInclude>
    <ClInclude Include="Source\script_value_type.hpp">
      <Filter>src\Miscellaneous\Enums</Filter>
    </ClInclude>
    <ClInclude Include="Source\aabb_parent_type.hpp">
      <Filter>src\Miscellaneous\Enums</Filter>
    </ClInclude>
    <ClInclude Include="Source\buffer_type.hpp">
      <Filter>src\Miscellaneous\Enums</Filter>
    </ClInclude>
    <ClInclude Include="Source\message_type.hpp">
      <Filter>src\Miscellaneous\Enums</Filter>
    </ClInclude>
    <ClInclude Include="Source\blur_type.hpp">
      <Filter>src\Miscellaneous\Enums</Filter>
    </ClInclude>
    <ClInclude Include="Source\blur_direction.hpp">
      <Filter>src\Miscellaneous\Enums</Filter>
    </ClInclude>
    <ClInclude Include="Source\script_executor.hpp">
      <Filter>src\Scripting System\Execution\Executor</Filter>
    </ClInclude>
    <ClInclude Include="Source\script_variable_scope.hpp">
      <Filter>src\Miscellaneous\Enums</Filter>
    </ClInclude>
    <ClInclude Include="Source\audio_editor.hpp">
      <Filter>src\Editor System\Audio Editor\Core</Filter>
    </ClInclude>
    <ClInclude Include="Source\environment_editor.hpp">
      <Filter>src\Editor System\Environment Editor\Core</Filter>
    </ClInclude>
    <ClInclude Include="Source\environment_type.hpp">
      <Filter>src\Miscellaneous\Enums</Filter>
    </ClInclude>
    <ClInclude Include="Source\settings_editor.hpp">
      <Filter>src\Editor System\Settings Editor</Filter>
    </ClInclude>
    <ClInclude Include="Source\configuration.hpp">
      <Filter>src\Miscellaneous\Other</Filter>
    </ClInclude>
    <ClInclude Include="Source\script_interpreter.hpp">
      <Filter>src\Scripting System\Execution\Interpreter\Core</Filter>
    </ClInclude>
    <ClInclude Include="Source\script_type.hpp">
      <Filter>src\Miscellaneous\Enums</Filter>
    </ClInclude>
    <ClInclude Include="Source\script_variable_type.hpp">
      <Filter>src\Miscellaneous\Enums</Filter>
    </ClInclude>
    <ClInclude Include="Source\animation_editor.hpp">
      <Filter>src\Editor System\Animation Editor\Core</Filter>
    </ClInclude>
    <ClInclude Include="Source\animation_speed_type.hpp">
      <Filter>src\Miscellaneous\Enums</Filter>
    </ClInclude>
    <ClInclude Include="Source\animation.hpp">
      <Filter>src\Editor System\Animation Editor\Data Structures</Filter>
    </ClInclude>
    <ClInclude Include="Source\animation_frame.hpp">
      <Filter>src\Editor System\Animation Editor\Data Structures</Filter>
    </ClInclude>
    <ClInclude Include="Source\script_condition_statement.hpp">
      <Filter>src\Scripting System\Miscellaneous</Filter>
    </ClInclude>
    <ClInclude Include="Source\script_condition_type.hpp">
      <Filter>src\Miscellaneous\Enums</Filter>
    </ClInclude>
    <ClInclude Include="Source\ivector2.hpp">
      <Filter>src\Math System\Vector</Filter>
    </ClInclude>
    <ClInclude Include="Source\ivector3.hpp">
      <Filter>src\Math System\Vector</Filter>
    </ClInclude>
    <ClInclude Include="Source\matrix33.hpp">
      <Filter>src\Math System\Matrix</Filter>
    </ClInclude>
    <ClInclude Include="Source\matrix44.hpp">
      <Filter>src\Math System\Matrix</Filter>
    </ClInclude>
    <ClInclude Include="Source\vector2.hpp">
      <Filter>src\Math System\Vector</Filter>
    </ClInclude>
    <ClInclude Include="Source\vector3.hpp">
      <Filter>src\Math System\Vector</Filter>
    </ClInclude>
    <ClInclude Include="Source\vector4.hpp">
      <Filter>src\Math System\Vector</Filter>
    </ClInclude>
    <ClInclude Include="Source\mathematics.hpp">
      <Filter>src\Math System\Core</Filter>
    </ClInclude>
    <ClInclude Include="Source\script_variable.hpp">
      <Filter>src\Scripting System\Data Structures</Filter>
    </ClInclude>
    <ClInclude Include="Source\audio_loader.hpp">
      <Filter>src\Asset Management System\Audio</Filter>
    </ClInclude>
    <ClInclude Include="Source\mesh_part.hpp">
      <Filter>src\Asset Management System\Mesh</Filter>
    </ClInclude>
    <ClInclude Include="Source\mesh_loader.hpp">
      <Filter>src\Asset Management System\Mesh</Filter>
    </ClInclude>
    <ClInclude Include="Source\ray_caster.hpp">
      <Filter>src\Miscellaneous\Other</Filter>
    </ClInclude>
    <ClInclude Include="Source\render_manager.hpp">
      <Filter>src\Rendering System\Core</Filter>
    </ClInclude>
    <ClInclude Include="Source\sky_entity_renderer.hpp">
      <Filter>src\Rendering System\Renderers\Entity Renderers\Environment</Filter>
    </ClInclude>
    <ClInclude Include="Source\terrain_entity_renderer.hpp">
      <Filter>src\Rendering System\Renderers\Entity Renderers\Environment</Filter>
    </ClInclude>
    <ClInclude Include="Source\water_entity_renderer.hpp">
      <Filter>src\Rendering System\Renderers\Entity Renderers\Environment</Filter>
    </ClInclude>
    <ClInclude Include="Source\aabb_entity_renderer.hpp">
      <Filter>src\Rendering System\Renderers\Entity Renderers\Miscellaneous</Filter>
    </ClInclude>
    <ClInclude Include="Source\billboard_entity_renderer.hpp">
      <Filter>src\Rendering System\Renderers\Entity Renderers\Miscellaneous</Filter>
    </ClInclude>
    <ClInclude Include="Source\game_entity_renderer.hpp">
      <Filter>src\Rendering System\Renderers\Entity Renderers\Miscellaneous</Filter>
    </ClInclude>
    <ClInclude Include="Source\gui_entity_renderer.hpp">
      <Filter>src\Rendering System\Renderers\Entity Renderers\Miscellaneous</Filter>
    </ClInclude>
    <ClInclude Include="Source\sky_entity_manager.hpp">
      <Filter>src\Entity System\Managers\Environment</Filter>
    </ClInclude>
    <ClInclude Include="Source\terrain_entity_manager.hpp">
      <Filter>src\Entity System\Managers\Environment</Filter>
    </ClInclude>
    <ClInclude Include="Source\water_entity_manager.hpp">
      <Filter>src\Entity System\Managers\Environment</Filter>
    </ClInclude>
    <ClInclude Include="Source\aabb_entity_manager.hpp">
      <Filter>src\Entity System\Managers\Miscellaneous</Filter>
    </ClInclude>
    <ClInclude Include="Source\billboard_entity_manager.hpp">
      <Filter>src\Entity System\Managers\Miscellaneous</Filter>
    </ClInclude>
    <ClInclude Include="Source\game_entity_manager.hpp">
      <Filter>src\Entity System\Managers\Miscellaneous</Filter>
    </ClInclude>
    <ClInclude Include="Source\gui_entity_manager.hpp">
      <Filter>src\Entity System\Managers\Miscellaneous</Filter>
    </ClInclude>
    <ClInclude Include="Source\light_entity_manager.hpp">
      <Filter>src\Entity System\Managers\Miscellaneous</Filter>
    </ClInclude>
    <ClInclude Include="Source\text_entity_manager.hpp">
      <Filter>src\Entity System\Managers\Miscellaneous</Filter>
    </ClInclude>
    <ClInclude Include="Source\base_entity_manager.hpp">
      <Filter>src\Entity System\Managers\Core</Filter>
    </ClInclude>
    <ClInclude Include="Source\terrain_entity.hpp">
      <Filter>src\Entity System\Data Structures\Environment</Filter>
    </ClInclude>
    <ClInclude Include="Source\water_entity.hpp">
      <Filter>src\Entity System\Data Structures\Environment</Filter>
    </ClInclude>
    <ClInclude Include="Source\sky_entity.hpp">
      <Filter>src\Entity System\Data Structures\Environment</Filter>
    </ClInclude>
    <ClInclude Include="Source\aabb_entity.hpp">
      <Filter>src\Entity System\Data Structures\Miscellaneous</Filter>
    </ClInclude>
    <ClInclude Include="Source\billboard_entity.hpp">
      <Filter>src\Entity System\Data Structures\Miscellaneous</Filter>
    </ClInclude>
    <ClInclude Include="Source\game_entity.hpp">
      <Filter>src\Entity System\Data Structures\Miscellaneous</Filter>
    </ClInclude>
    <ClInclude Include="Source\gui_entity.hpp">
      <Filter>src\Entity System\Data Structures\Miscellaneous</Filter>
    </ClInclude>
    <ClInclude Include="Source\light_entity.hpp">
      <Filter>src\Entity System\Data Structures\Miscellaneous</Filter>
    </ClInclude>
    <ClInclude Include="Source\text_entity.hpp">
      <Filter>src\Entity System\Data Structures\Miscellaneous</Filter>
    </ClInclude>
    <ClInclude Include="Source\base_entity.hpp">
      <Filter>src\Entity System\Data Structures\Core</Filter>
    </ClInclude>
    <ClInclude Include="Source\left_viewport_controller.hpp">
      <Filter>src\Engine Controller System\Viewport Controllers\Left</Filter>
    </ClInclude>
    <ClInclude Include="Source\right_viewport_controller.hpp">
      <Filter>src\Engine Controller System\Viewport Controllers\Right</Filter>
    </ClInclude>
    <ClInclude Include="Source\top_viewport_controller.hpp">
      <Filter>src\Engine Controller System\Viewport Controllers\Top</Filter>
    </ClInclude>
    <ClInclude Include="Source\bottom_viewport_controller.hpp">
      <Filter>src\Engine Controller System\Viewport Controllers\Bottom</Filter>
    </ClInclude>
    <ClInclude Include="Source\base_viewport_controller.hpp">
      <Filter>src\Engine Controller System\Viewport Controllers\Core</Filter>
    </ClInclude>
    <ClInclude Include="Source\base_entity_renderer.hpp">
      <Filter>src\Rendering System\Renderers\Entity Renderers\Core</Filter>
    </ClInclude>
  </ItemGroup>
  <ItemGroup>
    <Filter Include="src">
      <UniqueIdentifier>{bc06f263-fac4-43ce-9538-74713bac6026}</UniqueIdentifier>
    </Filter>
    <Filter Include="src\Physics System">
      <UniqueIdentifier>{75557977-53ff-4cfc-806f-eed57831ba34}</UniqueIdentifier>
    </Filter>
    <Filter Include="src\Rendering System">
      <UniqueIdentifier>{e9f298fb-a872-49c0-a35d-35fa73466a91}</UniqueIdentifier>
    </Filter>
    <Filter Include="src\Rendering System\Shaders">
      <UniqueIdentifier>{440d9f47-a6e1-4a10-9e27-c47bebabcdff}</UniqueIdentifier>
    </Filter>
    <Filter Include="src\Rendering System\Renderers">
      <UniqueIdentifier>{b5b89d31-2832-4f44-85dd-a84bcfca9b3d}</UniqueIdentifier>
    </Filter>
    <Filter Include="src\Rendering System\Core">
      <UniqueIdentifier>{5b4059b8-26d7-4cdf-a4fe-6519113f74f2}</UniqueIdentifier>
    </Filter>
    <Filter Include="src\Rendering System\OpenGL">
      <UniqueIdentifier>{30487a92-5701-4893-8750-39fbd5335d0c}</UniqueIdentifier>
    </Filter>
    <Filter Include="src\Rendering System\Miscellaneous">
      <UniqueIdentifier>{b72c0402-30db-4107-9507-7df679c190bb}</UniqueIdentifier>
    </Filter>
    <Filter Include="src\Entity System">
      <UniqueIdentifier>{c4f63f5b-6652-4b41-845d-38b4f82486c3}</UniqueIdentifier>
    </Filter>
    <Filter Include="src\Entity System\Managers">
      <UniqueIdentifier>{8349d534-6683-47a7-82df-798f5743f887}</UniqueIdentifier>
    </Filter>
    <Filter Include="src\Entity System\Miscellaneous">
      <UniqueIdentifier>{a9383fde-24d2-4de4-a47c-903abf1b7f05}</UniqueIdentifier>
    </Filter>
    <Filter Include="src\Editor System">
      <UniqueIdentifier>{8ca24fe3-a649-4483-b1b1-2837c12a5264}</UniqueIdentifier>
    </Filter>
    <Filter Include="src\Core System">
      <UniqueIdentifier>{b28fd9fc-ea3d-4ea5-b1eb-7ed64679c6f7}</UniqueIdentifier>
    </Filter>
    <Filter Include="src\Audio System">
      <UniqueIdentifier>{48f63bff-ec2c-4a9e-b2e9-b9f2dba9c765}</UniqueIdentifier>
    </Filter>
    <Filter Include="src\Asset Management System">
      <UniqueIdentifier>{fc66ec1d-2a5f-4b21-bd69-5c97bdd2cb50}</UniqueIdentifier>
    </Filter>
    <Filter Include="src\Audio System\Data Structures">
      <UniqueIdentifier>{412a7d32-270f-499c-8d25-11e2a3f24ca2}</UniqueIdentifier>
    </Filter>
    <Filter Include="src\Audio System\Core">
      <UniqueIdentifier>{e4b03c05-682e-4cc6-900b-acbd387da2f7}</UniqueIdentifier>
    </Filter>
    <Filter Include="src\Editor System\Model Editor">
      <UniqueIdentifier>{06b28638-e83d-4d54-abcf-c2c9adef26f9}</UniqueIdentifier>
    </Filter>
    <Filter Include="src\Physics System\Core">
      <UniqueIdentifier>{122040e7-a21b-4601-8455-4f3c46a93e92}</UniqueIdentifier>
    </Filter>
    <Filter Include="src\Physics System\Data Structures">
      <UniqueIdentifier>{85d6b054-b6d8-4ce0-8705-825ac70350bb}</UniqueIdentifier>
    </Filter>
    <Filter Include="src\Entity System\Data Structures">
      <UniqueIdentifier>{92fda4cb-6e05-4e02-8f6a-a76bd5d1c326}</UniqueIdentifier>
    </Filter>
    <Filter Include="src\GUI System">
      <UniqueIdentifier>{1dca8087-942c-4fd8-a32e-1cec42430193}</UniqueIdentifier>
    </Filter>
    <Filter Include="src\Rendering System\Renderers\Entity Renderers">
      <UniqueIdentifier>{54c25f09-3220-4c6c-b15e-45083cb939f7}</UniqueIdentifier>
    </Filter>
    <Filter Include="src\Rendering System\Renderers\Miscellaneous Renderers">
      <UniqueIdentifier>{cccd91a7-d567-439a-9320-89a021725512}</UniqueIdentifier>
    </Filter>
    <Filter Include="src\Rendering System\Shaders\Entity Shaders">
      <UniqueIdentifier>{eec82fec-b749-4b59-9130-723362e30bfd}</UniqueIdentifier>
    </Filter>
    <Filter Include="src\Rendering System\Shaders\Miscellaneous Shaders">
      <UniqueIdentifier>{ba3f977f-60c8-4394-a904-03e654361fbd}</UniqueIdentifier>
    </Filter>
    <Filter Include="src\Miscellaneous">
      <UniqueIdentifier>{9232271b-e823-495c-8b98-23b8a2564d81}</UniqueIdentifier>
    </Filter>
    <Filter Include="src\Engine Controller System">
      <UniqueIdentifier>{a49d2036-9114-4ebe-9349-1f64805d444c}</UniqueIdentifier>
    </Filter>
    <Filter Include="src\Editor System\Billboard Editor">
      <UniqueIdentifier>{4902a467-bd9d-455d-a931-8ac0469043e9}</UniqueIdentifier>
    </Filter>
    <Filter Include="src\Core System\Core">
      <UniqueIdentifier>{fdc2ed4c-c661-4713-a775-82d5678a038a}</UniqueIdentifier>
    </Filter>
    <Filter Include="src\Core System\Interface">
      <UniqueIdentifier>{aab016ae-5619-4cb5-8d90-83abbe027989}</UniqueIdentifier>
    </Filter>
    <Filter Include="src\Miscellaneous\Icon">
      <UniqueIdentifier>{4c4ee138-6869-4b50-b826-de5daeeb4e80}</UniqueIdentifier>
    </Filter>
    <Filter Include="src\Editor System\Scene Editor">
      <UniqueIdentifier>{73f39bce-8d65-416c-abaa-6ed990784a08}</UniqueIdentifier>
    </Filter>
    <Filter Include="src\Engine Controller System\Viewport Controllers">
      <UniqueIdentifier>{e6006a3f-d7a8-4aac-96ff-43147e3b6520}</UniqueIdentifier>
    </Filter>
    <Filter Include="src\Engine Controller System\Core Controller">
      <UniqueIdentifier>{316b82ce-ffae-4d2e-9166-6b85edc366b2}</UniqueIdentifier>
    </Filter>
    <Filter Include="src\Core System\Interface\Entities">
      <UniqueIdentifier>{adeeb6df-d4ef-4802-82d0-536f350c87bd}</UniqueIdentifier>
    </Filter>
    <Filter Include="src\Core System\Interface\Core">
      <UniqueIdentifier>{13a5bd3f-9687-4323-a19f-80e361774dce}</UniqueIdentifier>
    </Filter>
    <Filter Include="src\Core System\Interface\Miscellaneous">
      <UniqueIdentifier>{af7cc8e1-92df-457b-8740-8ecca99a5124}</UniqueIdentifier>
    </Filter>
    <Filter Include="src\Editor System\Scene Editor\Core">
      <UniqueIdentifier>{bc22f483-4047-445a-8158-f75bde27abb8}</UniqueIdentifier>
    </Filter>
    <Filter Include="src\Editor System\Scene Editor\Lighting">
      <UniqueIdentifier>{87bbfba5-bfdf-4cc4-afd0-4f8fda8eee69}</UniqueIdentifier>
    </Filter>
    <Filter Include="src\Editor System\Script Editor">
      <UniqueIdentifier>{da14d31f-6d01-4e12-a50c-99a603867d27}</UniqueIdentifier>
    </Filter>
    <Filter Include="src\Editor System\Scene Editor\Settings">
      <UniqueIdentifier>{fa42d895-1245-4873-b84e-91ea0a4cc1b7}</UniqueIdentifier>
    </Filter>
    <Filter Include="src\Editor System\Settings Editor">
      <UniqueIdentifier>{2f3bcc71-2a82-4cab-b118-59f0bb80357a}</UniqueIdentifier>
    </Filter>
    <Filter Include="src\Scripting System">
      <UniqueIdentifier>{60047f24-1eb4-4081-95b0-950f9a3cdeda}</UniqueIdentifier>
    </Filter>
    <Filter Include="src\Scripting System\Core">
      <UniqueIdentifier>{c7f19bd9-4b08-4f0a-9542-92e4de2a6e01}</UniqueIdentifier>
    </Filter>
    <Filter Include="src\Editor System\Model Editor\Core">
      <UniqueIdentifier>{3b098bd6-25d7-4439-aea4-cd81b21d4031}</UniqueIdentifier>
    </Filter>
    <Filter Include="src\Editor System\Model Editor\Miscellaneous">
      <UniqueIdentifier>{5d403f1a-76cf-4888-8b62-c16ab0f4a98e}</UniqueIdentifier>
    </Filter>
    <Filter Include="src\Editor System\Model Editor\Updates">
      <UniqueIdentifier>{7e9ed34b-80fd-416f-abe0-4bc32dc0fb87}</UniqueIdentifier>
    </Filter>
    <Filter Include="src\Editor System\Billboard Editor\Core">
      <UniqueIdentifier>{75400577-89e0-4bd3-b7d4-8f1d54430312}</UniqueIdentifier>
    </Filter>
    <Filter Include="src\Editor System\Billboard Editor\Miscellaneous">
      <UniqueIdentifier>{351bb95b-7fee-4a94-9902-bf867b20abfb}</UniqueIdentifier>
    </Filter>
    <Filter Include="src\Editor System\Billboard Editor\Updates">
      <UniqueIdentifier>{6d00bb37-19dd-4e07-bf63-cdc118f377a6}</UniqueIdentifier>
    </Filter>
    <Filter Include="src\Editor System\Script Editor\Core">
      <UniqueIdentifier>{3703e16e-8e51-48c4-9cda-a6c3fbad68e3}</UniqueIdentifier>
    </Filter>
    <Filter Include="src\Editor System\Script Editor\Updates">
      <UniqueIdentifier>{02400dd1-6465-48b6-ab59-1e11c642da24}</UniqueIdentifier>
    </Filter>
    <Filter Include="src\Editor System\Script Editor\Miscellaneous">
      <UniqueIdentifier>{55a74c53-dfba-4f42-9319-3c5077f16019}</UniqueIdentifier>
    </Filter>
    <Filter Include="src\GUI System\Core">
      <UniqueIdentifier>{35c945f4-bcea-4733-880c-44f04977e5ff}</UniqueIdentifier>
    </Filter>
    <Filter Include="src\GUI System\Elements">
      <UniqueIdentifier>{21adc94a-d3c8-45c0-9dca-7651507f0e80}</UniqueIdentifier>
    </Filter>
    <Filter Include="src\Scripting System\Execution">
      <UniqueIdentifier>{584f8315-779f-4805-ad43-c607476a8f16}</UniqueIdentifier>
    </Filter>
    <Filter Include="src\Editor System\Scene Editor\Persistency">
      <UniqueIdentifier>{9f1c1ad7-904f-45b3-893c-2c27f98b34dc}</UniqueIdentifier>
    </Filter>
    <Filter Include="src\Editor System\Scene Editor\Miscellaneous">
      <UniqueIdentifier>{ebabbbff-7f2b-4a8c-87aa-692a4554d711}</UniqueIdentifier>
    </Filter>
    <Filter Include="src\Editor System\Scene Editor\Billboards">
      <UniqueIdentifier>{5888ff61-c7f8-42b7-9050-7d8a4d4cc4ef}</UniqueIdentifier>
    </Filter>
    <Filter Include="src\Editor System\Scene Editor\Models">
      <UniqueIdentifier>{592d1e78-d741-44cb-9234-93c3133c3041}</UniqueIdentifier>
    </Filter>
    <Filter Include="src\Editor System\Scene Editor\Audio">
      <UniqueIdentifier>{5030e4d2-6075-445e-9d47-799bd42c1a88}</UniqueIdentifier>
    </Filter>
    <Filter Include="src\Editor System\Scene Editor\Environment">
      <UniqueIdentifier>{2780c3eb-9ca4-4a02-b6d0-2656e4874c3c}</UniqueIdentifier>
    </Filter>
    <Filter Include="src\Scripting System\Miscellaneous">
      <UniqueIdentifier>{59d6a649-6476-46f1-ad35-28278273b1ca}</UniqueIdentifier>
    </Filter>
    <Filter Include="src\Miscellaneous\Other">
      <UniqueIdentifier>{2592ce74-7374-40fa-ba9c-554b581bdc7d}</UniqueIdentifier>
    </Filter>
    <Filter Include="src\Miscellaneous\Enums">
      <UniqueIdentifier>{f6f456ee-3395-4214-b36f-2fd3e7745294}</UniqueIdentifier>
    </Filter>
    <Filter Include="src\Scripting System\Execution\Executor">
      <UniqueIdentifier>{1088725b-73ef-4d79-b354-ac7efa55074b}</UniqueIdentifier>
    </Filter>
    <Filter Include="src\Scripting System\Execution\Interpreter">
      <UniqueIdentifier>{9ef89fd4-378e-4f48-8117-5e6d05463d66}</UniqueIdentifier>
    </Filter>
    <Filter Include="src\Editor System\Animation Editor">
      <UniqueIdentifier>{af6b01ef-f290-4ee7-8415-52f858f94de8}</UniqueIdentifier>
    </Filter>
    <Filter Include="src\Editor System\Audio Editor">
      <UniqueIdentifier>{a825f042-8079-402c-b136-73666827a703}</UniqueIdentifier>
    </Filter>
    <Filter Include="src\Editor System\Audio Editor\Core">
      <UniqueIdentifier>{8c058ff8-3626-4c4c-a4a4-7339debab535}</UniqueIdentifier>
    </Filter>
    <Filter Include="src\Editor System\Environment Editor">
      <UniqueIdentifier>{f2efcfc8-0ca8-4e00-93b6-56ca366b00b0}</UniqueIdentifier>
    </Filter>
    <Filter Include="src\Editor System\Environment Editor\Miscellaneous">
      <UniqueIdentifier>{b12d5bf0-2b50-4e18-be37-22dc5cf1cd4d}</UniqueIdentifier>
    </Filter>
    <Filter Include="src\Editor System\Environment Editor\Core">
      <UniqueIdentifier>{3e86e47e-1fba-4f5e-9a5b-96a6fd5fedee}</UniqueIdentifier>
    </Filter>
    <Filter Include="src\Editor System\Environment Editor\Updates">
      <UniqueIdentifier>{c658aa7d-506b-4818-a69f-ce8a2da31340}</UniqueIdentifier>
    </Filter>
    <Filter Include="src\Editor System\Audio Editor\Miscellaneous">
      <UniqueIdentifier>{7f5b1c3d-5d5d-44d8-8995-19e12fb1581d}</UniqueIdentifier>
    </Filter>
    <Filter Include="src\Math System">
      <UniqueIdentifier>{ade95dd8-ca22-496d-a02c-394d6cc2aaeb}</UniqueIdentifier>
    </Filter>
    <Filter Include="src\Scripting System\Execution\Interpreter\Core">
      <UniqueIdentifier>{794d5b54-fa03-4906-96c4-5796fb6daa70}</UniqueIdentifier>
    </Filter>
    <Filter Include="src\Scripting System\Execution\Interpreter\Miscellaneous">
      <UniqueIdentifier>{e3e33817-e236-4b5d-b624-9e5637a19f2a}</UniqueIdentifier>
    </Filter>
    <Filter Include="src\Scripting System\Execution\Interpreter\Function">
      <UniqueIdentifier>{34644b65-a977-4554-bc11-0e04bacdc090}</UniqueIdentifier>
    </Filter>
    <Filter Include="src\Scripting System\Execution\Interpreter\Variable">
      <UniqueIdentifier>{03ec966f-fcd1-4950-8133-c2946afc67fa}</UniqueIdentifier>
    </Filter>
    <Filter Include="src\Scripting System\Execution\Interpreter\List">
      <UniqueIdentifier>{266b3d9e-3493-43ea-842a-6c1df4476e8b}</UniqueIdentifier>
    </Filter>
    <Filter Include="src\Scripting System\Execution\Interpreter\Condition">
      <UniqueIdentifier>{30741560-106d-48e3-b9ea-6a6330812f0f}</UniqueIdentifier>
    </Filter>
    <Filter Include="src\Editor System\Animation Editor\Core">
      <UniqueIdentifier>{d2d75ad8-fe5d-46bb-9d39-e567fa484360}</UniqueIdentifier>
    </Filter>
    <Filter Include="src\Editor System\Animation Editor\Miscellaneous">
      <UniqueIdentifier>{50702384-41af-4583-bbf2-8996e377d7ec}</UniqueIdentifier>
    </Filter>
    <Filter Include="src\Editor System\Environment Editor\Persistence">
      <UniqueIdentifier>{509073d5-d60c-453d-973e-644649375ab1}</UniqueIdentifier>
    </Filter>
    <Filter Include="src\Editor System\Animation Editor\Updates">
      <UniqueIdentifier>{e73bb9ed-99e3-4b2d-b959-642ff4c6bce0}</UniqueIdentifier>
    </Filter>
    <Filter Include="src\Editor System\Audio Editor\Updates">
      <UniqueIdentifier>{5eb1ef82-f07a-481c-8f86-1e402dc54b6e}</UniqueIdentifier>
    </Filter>
    <Filter Include="src\Editor System\Animation Editor\Data Structures">
      <UniqueIdentifier>{a0ba53c2-9ce4-494e-bbe4-cacbff1e3bda}</UniqueIdentifier>
    </Filter>
    <Filter Include="src\Math System\Vector">
      <UniqueIdentifier>{13e67159-e38e-49e2-aff3-bf37e12014b3}</UniqueIdentifier>
    </Filter>
    <Filter Include="src\Math System\Matrix">
      <UniqueIdentifier>{09e05e0d-34c2-4741-a778-9f4f3ec9a4ae}</UniqueIdentifier>
    </Filter>
    <Filter Include="src\Math System\Core">
      <UniqueIdentifier>{32e03b84-0ba0-4e93-8890-777fad594f6b}</UniqueIdentifier>
    </Filter>
    <Filter Include="src\Scripting System\Data Structures">
      <UniqueIdentifier>{2a0e634e-c81e-4443-804e-1ac36951dafc}</UniqueIdentifier>
    </Filter>
    <Filter Include="src\Asset Management System\Audio">
      <UniqueIdentifier>{eb5118cf-2311-4169-9676-e1dd99141d96}</UniqueIdentifier>
    </Filter>
    <Filter Include="src\Asset Management System\Mesh">
      <UniqueIdentifier>{921aaa51-52b5-4d6a-a33b-f48c1e440469}</UniqueIdentifier>
    </Filter>
    <Filter Include="src\Asset Management System\Texture">
      <UniqueIdentifier>{079f90fa-d7da-4f97-8a7b-9b286362b158}</UniqueIdentifier>
    </Filter>
    <Filter Include="src\Editor System\Environment Editor\Updates\Sky">
      <UniqueIdentifier>{1fa86afa-ad7a-4041-b3ec-5a46855cd9a5}</UniqueIdentifier>
    </Filter>
    <Filter Include="src\Editor System\Environment Editor\Updates\Terrain">
      <UniqueIdentifier>{83fadbc1-f13f-4706-9be4-d74d53f1c4cb}</UniqueIdentifier>
    </Filter>
    <Filter Include="src\Editor System\Environment Editor\Updates\Water">
      <UniqueIdentifier>{8f57e8e8-e11f-43a7-be47-5b08705df57f}</UniqueIdentifier>
    </Filter>
    <Filter Include="src\Editor System\Environment Editor\Updates\Core">
      <UniqueIdentifier>{594e4c0b-162d-4d9c-b46b-31957663e944}</UniqueIdentifier>
    </Filter>
    <Filter Include="src\Editor System\Model Editor\Persistence">
      <UniqueIdentifier>{6c9f5ba5-9eb0-4069-a1d6-48e42f1d9ed1}</UniqueIdentifier>
    </Filter>
    <Filter Include="src\Rendering System\Renderers\Entity Renderers\Environment">
      <UniqueIdentifier>{484e1e86-10eb-44fa-be2d-6f0e547b37af}</UniqueIdentifier>
    </Filter>
    <Filter Include="src\Rendering System\Renderers\Entity Renderers\Miscellaneous">
      <UniqueIdentifier>{7fb1c3b5-c6ec-468e-8862-3a8c76230120}</UniqueIdentifier>
    </Filter>
    <Filter Include="src\Rendering System\Shaders\Entity Shaders\Environment">
      <UniqueIdentifier>{92b502fa-fb28-4f13-937b-1a22db02e5f2}</UniqueIdentifier>
    </Filter>
    <Filter Include="src\Rendering System\Shaders\Entity Shaders\Miscellaneous">
      <UniqueIdentifier>{4f54a727-f709-4e6c-93e4-49650b81c656}</UniqueIdentifier>
    </Filter>
    <Filter Include="src\Scripting System\Execution\Interpreter\Function\Entities">
      <UniqueIdentifier>{b260804f-96a6-4a3e-8f20-162420c8fc1d}</UniqueIdentifier>
    </Filter>
    <Filter Include="src\Scripting System\Execution\Interpreter\Function\Miscellaneous">
      <UniqueIdentifier>{6f8517b2-2eb1-4ebd-af77-7c23f3038f1b}</UniqueIdentifier>
    </Filter>
    <Filter Include="src\Entity System\Managers\Environment">
      <UniqueIdentifier>{1c77e356-0e2e-4be2-85d9-e84555f076a1}</UniqueIdentifier>
    </Filter>
    <Filter Include="src\Entity System\Managers\Miscellaneous">
      <UniqueIdentifier>{1f7ba180-8272-42bc-a3bc-cad97dc416fd}</UniqueIdentifier>
    </Filter>
    <Filter Include="src\Entity System\Managers\Core">
      <UniqueIdentifier>{29949b29-4164-43e4-9042-9207d3b9061c}</UniqueIdentifier>
    </Filter>
    <Filter Include="src\Entity System\Data Structures\Environment">
      <UniqueIdentifier>{502ff447-a352-42c8-8440-eeb5b0b44887}</UniqueIdentifier>
    </Filter>
    <Filter Include="src\Entity System\Data Structures\Miscellaneous">
      <UniqueIdentifier>{144c9b8d-97fe-436d-b881-72bc6d26a061}</UniqueIdentifier>
    </Filter>
    <Filter Include="src\Entity System\Data Structures\Core">
      <UniqueIdentifier>{ce0accc2-d27d-454e-bab7-113e3a6b48f9}</UniqueIdentifier>
    </Filter>
    <Filter Include="src\Engine Controller System\Viewport Controllers\Left">
      <UniqueIdentifier>{e015ce04-192d-421b-bab5-4f26de7ccfdf}</UniqueIdentifier>
    </Filter>
    <Filter Include="src\Engine Controller System\Viewport Controllers\Right">
      <UniqueIdentifier>{806366d6-d72c-41d4-a43b-ed34ec72dcd6}</UniqueIdentifier>
    </Filter>
    <Filter Include="src\Engine Controller System\Viewport Controllers\Top">
      <UniqueIdentifier>{63bca393-cb2f-44ba-bba1-584e454128a5}</UniqueIdentifier>
    </Filter>
    <Filter Include="src\Engine Controller System\Viewport Controllers\Bottom">
      <UniqueIdentifier>{1e20aeb9-ae11-49ad-86f5-fd56358d2ca4}</UniqueIdentifier>
    </Filter>
    <Filter Include="src\Engine Controller System\Viewport Controllers\Core">
      <UniqueIdentifier>{1bae5270-bca5-41e5-80d2-e72a7743b26f}</UniqueIdentifier>
    </Filter>
    <Filter Include="src\Core System\Interface\Entities\Environment">
      <UniqueIdentifier>{ae14e3f9-92d7-45c7-bf36-6d508ed8a95e}</UniqueIdentifier>
    </Filter>
    <Filter Include="src\Core System\Interface\Entities\Miscellaneous">
      <UniqueIdentifier>{41c60116-9bf0-4243-b928-7fbbb4c3605d}</UniqueIdentifier>
    </Filter>
    <Filter Include="src\Rendering System\Renderers\Entity Renderers\Core">
      <UniqueIdentifier>{e5d5abac-1f34-40cf-b644-42313ffb9aea}</UniqueIdentifier>
    </Filter>
    <Filter Include="src\Scripting System\Execution\Interpreter\Function\Entities\Environment">
      <UniqueIdentifier>{57d9327d-dc32-415a-88e3-789c750c3ca0}</UniqueIdentifier>
    </Filter>
    <Filter Include="src\Scripting System\Execution\Interpreter\Function\Entities\Miscellaneous">
      <UniqueIdentifier>{4a046f0c-9016-4b37-ade9-23ea7b3e4c2e}</UniqueIdentifier>
    </Filter>
  </ItemGroup>
  <ItemGroup>
    <None Include="Source\script_value.hpp">
      <Filter>src\Scripting System\Data Structures</Filter>
    </None>
    <None Include="..\FabiEngine3D\shaders\final_shader.vert">
      <Filter>src\Rendering System\Shaders\Miscellaneous Shaders</Filter>
    </None>
    <None Include="..\FabiEngine3D\shaders\post_shader.frag">
      <Filter>src\Rendering System\Shaders\Miscellaneous Shaders</Filter>
    </None>
    <None Include="..\FabiEngine3D\shaders\post_shader.vert">
      <Filter>src\Rendering System\Shaders\Miscellaneous Shaders</Filter>
    </None>
    <None Include="..\FabiEngine3D\shaders\shadow_shader.frag">
      <Filter>src\Rendering System\Shaders\Miscellaneous Shaders</Filter>
    </None>
    <None Include="..\FabiEngine3D\shaders\shadow_shader.vert">
      <Filter>src\Rendering System\Shaders\Miscellaneous Shaders</Filter>
    </None>
    <None Include="..\FabiEngine3D\shaders\bloom_hdr_shader.frag">
      <Filter>src\Rendering System\Shaders\Miscellaneous Shaders</Filter>
    </None>
    <None Include="..\FabiEngine3D\shaders\bloom_hdr_shader.vert">
      <Filter>src\Rendering System\Shaders\Miscellaneous Shaders</Filter>
    </None>
    <None Include="..\FabiEngine3D\shaders\blur_shader.frag">
      <Filter>src\Rendering System\Shaders\Miscellaneous Shaders</Filter>
    </None>
    <None Include="..\FabiEngine3D\shaders\blur_shader.vert">
      <Filter>src\Rendering System\Shaders\Miscellaneous Shaders</Filter>
    </None>
    <None Include="..\FabiEngine3D\shaders\depth_shader.frag">
      <Filter>src\Rendering System\Shaders\Miscellaneous Shaders</Filter>
    </None>
    <None Include="..\FabiEngine3D\shaders\depth_shader.vert">
      <Filter>src\Rendering System\Shaders\Miscellaneous Shaders</Filter>
    </None>
    <None Include="..\FabiEngine3D\shaders\final_shader.frag">
      <Filter>src\Rendering System\Shaders\Miscellaneous Shaders</Filter>
    </None>
    <None Include="..\FabiEngine3D\shaders\sky_entity_shader.frag">
      <Filter>src\Rendering System\Shaders\Entity Shaders\Environment</Filter>
    </None>
    <None Include="..\FabiEngine3D\shaders\sky_entity_shader.vert">
      <Filter>src\Rendering System\Shaders\Entity Shaders\Environment</Filter>
    </None>
    <None Include="..\FabiEngine3D\shaders\terrain_entity_shader.frag">
      <Filter>src\Rendering System\Shaders\Entity Shaders\Environment</Filter>
    </None>
    <None Include="..\FabiEngine3D\shaders\terrain_entity_shader.vert">
      <Filter>src\Rendering System\Shaders\Entity Shaders\Environment</Filter>
    </None>
    <None Include="..\FabiEngine3D\shaders\water_entity_shader.frag">
      <Filter>src\Rendering System\Shaders\Entity Shaders\Environment</Filter>
    </None>
    <None Include="..\FabiEngine3D\shaders\water_entity_shader.vert">
      <Filter>src\Rendering System\Shaders\Entity Shaders\Environment</Filter>
    </None>
    <None Include="..\FabiEngine3D\shaders\aabb_entity_shader.frag">
      <Filter>src\Rendering System\Shaders\Entity Shaders\Miscellaneous</Filter>
    </None>
    <None Include="..\FabiEngine3D\shaders\aabb_entity_shader.vert">
      <Filter>src\Rendering System\Shaders\Entity Shaders\Miscellaneous</Filter>
    </None>
    <None Include="..\FabiEngine3D\shaders\billboard_entity_shader.frag">
      <Filter>src\Rendering System\Shaders\Entity Shaders\Miscellaneous</Filter>
    </None>
    <None Include="..\FabiEngine3D\shaders\billboard_entity_shader.vert">
      <Filter>src\Rendering System\Shaders\Entity Shaders\Miscellaneous</Filter>
    </None>
    <None Include="..\FabiEngine3D\shaders\game_entity_shader.frag">
      <Filter>src\Rendering System\Shaders\Entity Shaders\Miscellaneous</Filter>
    </None>
    <None Include="..\FabiEngine3D\shaders\game_entity_shader.vert">
      <Filter>src\Rendering System\Shaders\Entity Shaders\Miscellaneous</Filter>
    </None>
    <None Include="..\FabiEngine3D\shaders\gui_entity_shader.frag">
      <Filter>src\Rendering System\Shaders\Entity Shaders\Miscellaneous</Filter>
    </None>
    <None Include="..\FabiEngine3D\shaders\gui_entity_shader.vert">
      <Filter>src\Rendering System\Shaders\Entity Shaders\Miscellaneous</Filter>
    </None>
  </ItemGroup>
  <ItemGroup>
    <ResourceCompile Include="..\FabiEngine3D\engine_assets\icon\AppIcon.rc">
      <Filter>src\Miscellaneous\Icon</Filter>
    </ResourceCompile>
  </ItemGroup>
  <ItemGroup>
    <Image Include="..\FabiEngine3D\engine_assets\icon\logo.ico">
      <Filter>src\Miscellaneous\Icon</Filter>
    </Image>
  </ItemGroup>
</Project>