<?xml version="1.0" encoding="utf-8"?>
<Project ToolsVersion="4.0" xmlns="http://schemas.microsoft.com/developer/msbuild/2003">
  <ItemGroup>
    <Filter Include="Server">
      <UniqueIdentifier>{b2cf46d2-d837-48bd-a359-e44c637b1593}</UniqueIdentifier>
    </Filter>
    <Filter Include="Client">
      <UniqueIdentifier>{1ea97f9f-2736-4b30-94f0-18f83998dfdc}</UniqueIdentifier>
    </Filter>
    <Filter Include="Miscellaneous">
      <UniqueIdentifier>{0558d553-6311-4587-87f1-c9ba59eb7fa3}</UniqueIdentifier>
    </Filter>
  </ItemGroup>
  <ItemGroup>
    <ClInclude Include="..\..\Source\network_server.hpp">
      <Filter>Server</Filter>
    </ClInclude>
    <ClInclude Include="..\..\Source\network_client.hpp">
      <Filter>Client</Filter>
    </ClInclude>
    <ClInclude Include="..\..\Source\network_message.hpp">
      <Filter>Miscellaneous</Filter>
    </ClInclude>
  </ItemGroup>
  <ItemGroup>
    <ClCompile Include="..\..\Source\network_server_update.cpp">
      <Filter>Server</Filter>
    </ClCompile>
    <ClCompile Include="..\..\Source\network_client_main.cpp">
      <Filter>Client</Filter>
    </ClCompile>
    <ClCompile Include="..\..\Source\network_server_main.cpp">
      <Filter>Server</Filter>
    </ClCompile>
    <ClCompile Include="..\..\Source\network_server_misc.cpp">
      <Filter>Server</Filter>
    </ClCompile>
    <ClCompile Include="..\..\Source\network_client_update.cpp">
      <Filter>Client</Filter>
    </ClCompile>
    <ClCompile Include="..\..\Source\network_client_misc.cpp">
      <Filter>Client</Filter>
    </ClCompile>
  </ItemGroup>
</Project>