<?xml version="1.0" encoding="utf-8"?>
<Project ToolsVersion="4.0" xmlns="http://schemas.microsoft.com/developer/msbuild/2003">
  <ItemGroup>
    <Filter Include="Core">
      <UniqueIdentifier>{a75b543f-8ea1-44be-a91e-607cf3f19f70}</UniqueIdentifier>
    </Filter>
    <Filter Include="Interface">
      <UniqueIdentifier>{15138853-8c37-4c22-a1b4-cc362a51184e}</UniqueIdentifier>
    </Filter>
    <Filter Include="Interface\Networking">
      <UniqueIdentifier>{263730c8-b5dc-4e3f-ad8e-954f2a808a65}</UniqueIdentifier>
    </Filter>
    <Filter Include="Interface\Miscellaneous">
      <UniqueIdentifier>{daa22d3a-cdd3-41a4-8242-102523a0cd54}</UniqueIdentifier>
    </Filter>
    <Filter Include="Interface\Graphics">
      <UniqueIdentifier>{802e51d2-5836-4045-9b34-2426f305fae8}</UniqueIdentifier>
    </Filter>
    <Filter Include="Interface\Physics">
      <UniqueIdentifier>{f5362434-3d67-4be1-9287-05a20e5219da}</UniqueIdentifier>
    </Filter>
    <Filter Include="Interface\Entity">
      <UniqueIdentifier>{58eff109-7a52-4f2b-b047-1ed6d6a63f68}</UniqueIdentifier>
    </Filter>
    <Filter Include="Interface\Base">
      <UniqueIdentifier>{ec2d2619-8458-42b3-b623-d20f669e26ae}</UniqueIdentifier>
    </Filter>
    <Filter Include="Interface\Sound">
      <UniqueIdentifier>{8b0105af-f909-4f68-8fdf-d7050a705c32}</UniqueIdentifier>
    </Filter>
  </ItemGroup>
  <ItemGroup>
    <ClCompile Include="..\..\..\src\engine_core.cpp">
      <Filter>Core</Filter>
    </ClCompile>
    <ClCompile Include="..\..\..\src\engine_interface.cpp">
      <Filter>Interface\Base</Filter>
    </ClCompile>
    <ClCompile Include="..\..\..\src\fe3d_graphics_set.cpp">
      <Filter>Interface\Graphics</Filter>
    </ClCompile>
    <ClCompile Include="..\..\..\src\fe3d_graphics_get.cpp">
      <Filter>Interface\Graphics</Filter>
    </ClCompile>
    <ClCompile Include="..\..\..\src\fe3d_input.cpp">
      <Filter>Interface\Miscellaneous</Filter>
    </ClCompile>
    <ClCompile Include="..\..\..\src\fe3d_misc_get.cpp">
      <Filter>Interface\Miscellaneous</Filter>
    </ClCompile>
    <ClCompile Include="..\..\..\src\fe3d_misc_set.cpp">
      <Filter>Interface\Miscellaneous</Filter>
    </ClCompile>
    <ClCompile Include="..\..\..\src\fe3d_server_get.cpp">
      <Filter>Interface\Networking</Filter>
    </ClCompile>
    <ClCompile Include="..\..\..\src\fe3d_client_get.cpp">
      <Filter>Interface\Networking</Filter>
    </ClCompile>
    <ClCompile Include="..\..\..\src\engine_interface_entity_sky_set.cpp">
      <Filter>Interface\Entity</Filter>
    </ClCompile>
    <ClCompile Include="..\..\..\src\engine_interface_entity_terrain_set.cpp">
      <Filter>Interface\Entity</Filter>
    </ClCompile>
    <ClCompile Include="..\..\..\src\engine_interface_entity_water_get.cpp">
      <Filter>Interface\Entity</Filter>
    </ClCompile>
    <ClCompile Include="..\..\..\src\engine_interface_entity_aabb_set.cpp">
      <Filter>Interface\Entity</Filter>
    </ClCompile>
    <ClCompile Include="..\..\..\src\engine_interface_entity_quad3d_get.cpp">
      <Filter>Interface\Entity</Filter>
    </ClCompile>
    <ClCompile Include="..\..\..\src\engine_interface_entity_quad2d_get.cpp">
      <Filter>Interface\Entity</Filter>
    </ClCompile>
    <ClCompile Include="..\..\..\src\engine_interface_entity_pointlight_get.cpp">
      <Filter>Interface\Entity</Filter>
    </ClCompile>
    <ClCompile Include="..\..\..\src\engine_interface_entity_model_get.cpp">
      <Filter>Interface\Entity</Filter>
    </ClCompile>
    <ClCompile Include="..\..\..\src\engine_interface_entity_text2d_get.cpp">
      <Filter>Interface\Entity</Filter>
    </ClCompile>
    <ClCompile Include="..\..\..\src\engine_interface_entity_reflection_get.cpp">
      <Filter>Interface\Entity</Filter>
    </ClCompile>
    <ClCompile Include="..\..\..\src\engine_interface_entity_spotlight_set.cpp">
      <Filter>Interface\Entity</Filter>
    </ClCompile>
    <ClCompile Include="..\..\..\src\engine_interface_entity_quad3d_set.cpp">
      <Filter>Interface\Entity</Filter>
    </ClCompile>
    <ClCompile Include="..\..\..\src\engine_interface_entity_model_set.cpp">
      <Filter>Interface\Entity</Filter>
    </ClCompile>
    <ClCompile Include="..\..\..\src\engine_interface_entity_terrain_get.cpp">
      <Filter>Interface\Entity</Filter>
    </ClCompile>
    <ClCompile Include="..\..\..\src\fe3d_client_set.cpp">
      <Filter>Interface\Networking</Filter>
    </ClCompile>
    <ClCompile Include="..\..\..\src\fe3d_server_set.cpp">
      <Filter>Interface\Networking</Filter>
    </ClCompile>
    <ClCompile Include="..\..\..\src\engine_interface_entity_aabb_get.cpp">
      <Filter>Interface\Entity</Filter>
    </ClCompile>
    <ClCompile Include="..\..\..\src\engine_interface_entity_quad2d_set.cpp">
      <Filter>Interface\Entity</Filter>
    </ClCompile>
    <ClCompile Include="..\..\..\src\engine_interface_entity_pointlight_set.cpp">
      <Filter>Interface\Entity</Filter>
    </ClCompile>
    <ClCompile Include="..\..\..\src\engine_interface_entity_reflection_set.cpp">
      <Filter>Interface\Entity</Filter>
    </ClCompile>
    <ClCompile Include="..\..\..\src\engine_interface_entity_sky_get.cpp">
      <Filter>Interface\Entity</Filter>
    </ClCompile>
    <ClCompile Include="..\..\..\src\engine_interface_entity_spotlight_get.cpp">
      <Filter>Interface\Entity</Filter>
    </ClCompile>
    <ClCompile Include="..\..\..\src\engine_interface_entity_text2d_set.cpp">
      <Filter>Interface\Entity</Filter>
    </ClCompile>
    <ClCompile Include="..\..\..\src\engine_interface_entity_water_set.cpp">
      <Filter>Interface\Entity</Filter>
    </ClCompile>
    <ClCompile Include="..\..\..\src\fe3d_raycast_set.cpp">
      <Filter>Interface\Physics</Filter>
    </ClCompile>
    <ClCompile Include="..\..\..\src\fe3d_raycast_get.cpp">
      <Filter>Interface\Physics</Filter>
    </ClCompile>
    <ClCompile Include="..\..\..\src\fe3d_collision_set.cpp">
      <Filter>Interface\Physics</Filter>
    </ClCompile>
    <ClCompile Include="..\..\..\src\fe3d_collision_get.cpp">
      <Filter>Interface\Physics</Filter>
    </ClCompile>
    <ClCompile Include="..\..\..\src\fe3d_camera_set.cpp">
      <Filter>Interface\Physics</Filter>
    </ClCompile>
    <ClCompile Include="..\..\..\src\fe3d_camera_get.cpp">
      <Filter>Interface\Physics</Filter>
    </ClCompile>
    <ClCompile Include="..\..\..\src\fe3d_sound2d_get.cpp">
      <Filter>Interface\Sound</Filter>
    </ClCompile>
    <ClCompile Include="..\..\..\src\fe3d_sound2d_set.cpp">
      <Filter>Interface\Sound</Filter>
    </ClCompile>
    <ClCompile Include="..\..\..\src\fe3d_sound3d_get.cpp">
      <Filter>Interface\Sound</Filter>
    </ClCompile>
    <ClCompile Include="..\..\..\src\fe3d_sound3d_set.cpp">
      <Filter>Interface\Sound</Filter>
    </ClCompile>
  </ItemGroup>
  <ItemGroup>
    <ClInclude Include="..\..\..\src\engine_core.hpp">
      <Filter>Core</Filter>
    </ClInclude>
    <ClInclude Include="..\..\..\src\engine_interface.hpp">
      <Filter>Interface\Base</Filter>
    </ClInclude>
  </ItemGroup>
</Project>