<?xml version="1.0" encoding="utf-8"?>
<Project ToolsVersion="4.0" xmlns="http://schemas.microsoft.com/developer/msbuild/2003">
  <ItemGroup>
    <Filter Include="Data Structures">
      <UniqueIdentifier>{4a262432-7b7a-4f49-a907-3159bfc896a9}</UniqueIdentifier>
    </Filter>
    <Filter Include="Data Structures\Core">
      <UniqueIdentifier>{44c1a87c-9396-4875-9ad7-6e6e4fa701c0}</UniqueIdentifier>
    </Filter>
    <Filter Include="Managers">
      <UniqueIdentifier>{1d8410ea-3c56-4706-adbd-dcbc42bbbe01}</UniqueIdentifier>
    </Filter>
    <Filter Include="Managers\Core">
      <UniqueIdentifier>{b94796cd-fe18-4114-a8c3-7ec119ac3a09}</UniqueIdentifier>
    </Filter>
    <Filter Include="Miscellaneous">
      <UniqueIdentifier>{701d4860-b90e-4a79-b5c9-31509663fd95}</UniqueIdentifier>
    </Filter>
    <Filter Include="Managers\Entities">
      <UniqueIdentifier>{6fcda699-73f8-4fd4-bd9c-fa2122c2b49b}</UniqueIdentifier>
    </Filter>
    <Filter Include="Data Structures\Entities">
      <UniqueIdentifier>{332b0064-ad65-4529-b83a-245b343dade3}</UniqueIdentifier>
    </Filter>
  </ItemGroup>
  <ItemGroup>
    <ClCompile Include="..\..\Source\base_entity_manager_misc.cpp">
      <Filter>Managers\Core</Filter>
    </ClCompile>
    <ClCompile Include="..\..\Source\base_entity_manager_main.cpp">
      <Filter>Managers\Core</Filter>
    </ClCompile>
    <ClCompile Include="..\..\Source\entity_bus.cpp">
      <Filter>Miscellaneous</Filter>
    </ClCompile>
    <ClCompile Include="..\..\Source\aabb_entity_manager.cpp">
      <Filter>Managers\Entities</Filter>
    </ClCompile>
    <ClCompile Include="..\..\Source\billboard_entity_manager.cpp">
      <Filter>Managers\Entities</Filter>
    </ClCompile>
    <ClCompile Include="..\..\Source\image_entity_manager.cpp">
      <Filter>Managers\Entities</Filter>
    </ClCompile>
    <ClCompile Include="..\..\Source\light_entity_manager.cpp">
      <Filter>Managers\Entities</Filter>
    </ClCompile>
    <ClCompile Include="..\..\Source\model_entity_manager.cpp">
      <Filter>Managers\Entities</Filter>
    </ClCompile>
    <ClCompile Include="..\..\Source\text_entity_manager.cpp">
      <Filter>Managers\Entities</Filter>
    </ClCompile>
    <ClCompile Include="..\..\Source\sky_entity_manager.cpp">
      <Filter>Managers\Entities</Filter>
    </ClCompile>
    <ClCompile Include="..\..\Source\terrain_entity_manager.cpp">
      <Filter>Managers\Entities</Filter>
    </ClCompile>
    <ClCompile Include="..\..\Source\water_entity_manager.cpp">
      <Filter>Managers\Entities</Filter>
    </ClCompile>
    <ClCompile Include="..\..\Source\base_entity.cpp">
      <Filter>Data Structures\Core</Filter>
    </ClCompile>
    <ClCompile Include="..\..\Source\aabb_entity.cpp">
      <Filter>Data Structures\Entities</Filter>
    </ClCompile>
    <ClCompile Include="..\..\Source\billboard_entity_getters.cpp">
      <Filter>Data Structures\Entities</Filter>
    </ClCompile>
    <ClCompile Include="..\..\Source\billboard_entity_setters.cpp">
      <Filter>Data Structures\Entities</Filter>
    </ClCompile>
    <ClCompile Include="..\..\Source\image_entity.cpp">
      <Filter>Data Structures\Entities</Filter>
    </ClCompile>
    <ClCompile Include="..\..\Source\light_entity.cpp">
      <Filter>Data Structures\Entities</Filter>
    </ClCompile>
    <ClCompile Include="..\..\Source\model_entity_getters.cpp">
      <Filter>Data Structures\Entities</Filter>
    </ClCompile>
    <ClCompile Include="..\..\Source\model_entity_setters.cpp">
      <Filter>Data Structures\Entities</Filter>
    </ClCompile>
    <ClCompile Include="..\..\Source\sky_entity.cpp">
      <Filter>Data Structures\Entities</Filter>
    </ClCompile>
    <ClCompile Include="..\..\Source\terrain_entity_getters.cpp">
      <Filter>Data Structures\Entities</Filter>
    </ClCompile>
    <ClCompile Include="..\..\Source\terrain_entity_setters.cpp">
      <Filter>Data Structures\Entities</Filter>
    </ClCompile>
    <ClCompile Include="..\..\Source\text_entity.cpp">
      <Filter>Data Structures\Entities</Filter>
    </ClCompile>
    <ClCompile Include="..\..\Source\water_entity.cpp">
      <Filter>Data Structures\Entities</Filter>
    </ClCompile>
  </ItemGroup>
  <ItemGroup>
    <ClInclude Include="..\..\Source\base_entity_manager.hpp">
      <Filter>Managers\Core</Filter>
    </ClInclude>
    <ClInclude Include="..\..\Source\entity_bus.hpp">
      <Filter>Miscellaneous</Filter>
    </ClInclude>
    <ClInclude Include="..\..\Source\text_entity_manager.hpp">
      <Filter>Managers\Entities</Filter>
    </ClInclude>
    <ClInclude Include="..\..\Source\aabb_entity_manager.hpp">
      <Filter>Managers\Entities</Filter>
    </ClInclude>
    <ClInclude Include="..\..\Source\billboard_entity_manager.hpp">
      <Filter>Managers\Entities</Filter>
    </ClInclude>
    <ClInclude Include="..\..\Source\image_entity_manager.hpp">
      <Filter>Managers\Entities</Filter>
    </ClInclude>
    <ClInclude Include="..\..\Source\light_entity_manager.hpp">
      <Filter>Managers\Entities</Filter>
    </ClInclude>
    <ClInclude Include="..\..\Source\model_entity_manager.hpp">
      <Filter>Managers\Entities</Filter>
    </ClInclude>
    <ClInclude Include="..\..\Source\sky_entity_manager.hpp">
      <Filter>Managers\Entities</Filter>
    </ClInclude>
    <ClInclude Include="..\..\Source\terrain_entity_manager.hpp">
      <Filter>Managers\Entities</Filter>
    </ClInclude>
    <ClInclude Include="..\..\Source\water_entity_manager.hpp">
      <Filter>Managers\Entities</Filter>
    </ClInclude>
    <ClInclude Include="..\..\Source\base_entity.hpp">
      <Filter>Data Structures\Core</Filter>
    </ClInclude>
    <ClInclude Include="..\..\Source\aabb_entity.hpp">
      <Filter>Data Structures\Entities</Filter>
    </ClInclude>
    <ClInclude Include="..\..\Source\billboard_entity.hpp">
      <Filter>Data Structures\Entities</Filter>
    </ClInclude>
    <ClInclude Include="..\..\Source\image_entity.hpp">
      <Filter>Data Structures\Entities</Filter>
    </ClInclude>
    <ClInclude Include="..\..\Source\light_entity.hpp">
      <Filter>Data Structures\Entities</Filter>
    </ClInclude>
    <ClInclude Include="..\..\Source\model_entity.hpp">
      <Filter>Data Structures\Entities</Filter>
    </ClInclude>
    <ClInclude Include="..\..\Source\sky_entity.hpp">
      <Filter>Data Structures\Entities</Filter>
    </ClInclude>
    <ClInclude Include="..\..\Source\terrain_entity.hpp">
      <Filter>Data Structures\Entities</Filter>
    </ClInclude>
    <ClInclude Include="..\..\Source\text_entity.hpp">
      <Filter>Data Structures\Entities</Filter>
    </ClInclude>
    <ClInclude Include="..\..\Source\water_entity.hpp">
      <Filter>Data Structures\Entities</Filter>
    </ClInclude>
  </ItemGroup>
</Project>