<?xml version="1.0" encoding="utf-8"?>
<Project ToolsVersion="4.0" xmlns="http://schemas.microsoft.com/developer/msbuild/2003">
  <ItemGroup>
    <ClCompile Include="..\..\..\src\engine_controller.cpp">
      <Filter>Core Controller</Filter>
    </ClCompile>
    <ClCompile Include="..\..\..\src\left_viewport_controller.cpp">
      <Filter>Viewport Controller\Left</Filter>
    </ClCompile>
    <ClCompile Include="..\..\..\src\right_viewport_controller.cpp">
      <Filter>Viewport Controller\Right</Filter>
    </ClCompile>
    <ClCompile Include="..\..\..\src\top_viewport_controller_lifecycle.cpp">
      <Filter>Viewport Controller\Top</Filter>
    </ClCompile>
    <ClCompile Include="..\..\..\src\top_viewport_controller_misc.cpp">
      <Filter>Viewport Controller\Top</Filter>
    </ClCompile>
    <ClCompile Include="..\..\..\src\bottom_viewport_controller_lifecycle.cpp">
      <Filter>Viewport Controller\Bottom</Filter>
    </ClCompile>
    <ClCompile Include="..\..\..\src\bottom_viewport_controller_console.cpp">
      <Filter>Viewport Controller\Bottom</Filter>
    </ClCompile>
    <ClCompile Include="..\..\..\src\base_viewport_controller.cpp">
      <Filter>Viewport Controller\Base</Filter>
    </ClCompile>
    <ClCompile Include="..\..\..\src\main.cpp">
      <Filter>Main</Filter>
    </ClCompile>
    <ClCompile Include="..\..\..\src\bottom_viewport_controller_statistics.cpp">
      <Filter>Viewport Controller\Bottom</Filter>
    </ClCompile>
    <ClCompile Include="..\..\..\src\top_viewport_controller_screen.cpp">
      <Filter>Viewport Controller\Top</Filter>
    </ClCompile>
  </ItemGroup>
  <ItemGroup>
    <ClInclude Include="..\..\..\src\engine_controller.hpp">
      <Filter>Core Controller</Filter>
    </ClInclude>
    <ClInclude Include="..\..\..\src\left_viewport_controller.hpp">
      <Filter>Viewport Controller\Left</Filter>
    </ClInclude>
    <ClInclude Include="..\..\..\src\right_viewport_controller.hpp">
      <Filter>Viewport Controller\Right</Filter>
    </ClInclude>
    <ClInclude Include="..\..\..\src\top_viewport_controller.hpp">
      <Filter>Viewport Controller\Top</Filter>
    </ClInclude>
    <ClInclude Include="..\..\..\src\bottom_viewport_controller.hpp">
      <Filter>Viewport Controller\Bottom</Filter>
    </ClInclude>
    <ClInclude Include="..\..\..\src\base_viewport_controller.hpp">
      <Filter>Viewport Controller\Base</Filter>
    </ClInclude>
  </ItemGroup>
  <ItemGroup>
    <Filter Include="Icon">
      <UniqueIdentifier>{4c4ee138-6869-4b50-b826-de5daeeb4e80}</UniqueIdentifier>
    </Filter>
    <Filter Include="Core Controller">
      <UniqueIdentifier>{316b82ce-ffae-4d2e-9166-6b85edc366b2}</UniqueIdentifier>
    </Filter>
    <Filter Include="Main">
      <UniqueIdentifier>{abd85b1f-6eba-43ca-8ab9-4770f0468c4f}</UniqueIdentifier>
    </Filter>
    <Filter Include="Viewport Controller">
      <UniqueIdentifier>{e6006a3f-d7a8-4aac-96ff-43147e3b6520}</UniqueIdentifier>
    </Filter>
    <Filter Include="Viewport Controller\Left">
      <UniqueIdentifier>{e015ce04-192d-421b-bab5-4f26de7ccfdf}</UniqueIdentifier>
    </Filter>
    <Filter Include="Viewport Controller\Right">
      <UniqueIdentifier>{806366d6-d72c-41d4-a43b-ed34ec72dcd6}</UniqueIdentifier>
    </Filter>
    <Filter Include="Viewport Controller\Top">
      <UniqueIdentifier>{63bca393-cb2f-44ba-bba1-584e454128a5}</UniqueIdentifier>
    </Filter>
    <Filter Include="Viewport Controller\Bottom">
      <UniqueIdentifier>{1e20aeb9-ae11-49ad-86f5-fd56358d2ca4}</UniqueIdentifier>
    </Filter>
    <Filter Include="Viewport Controller\Base">
      <UniqueIdentifier>{1bae5270-bca5-41e5-80d2-e72a7743b26f}</UniqueIdentifier>
    </Filter>
  </ItemGroup>
  <ItemGroup>
    <ResourceCompile Include="Icon\AppIcon.rc">
      <Filter>Icon</Filter>
    </ResourceCompile>
  </ItemGroup>
  <ItemGroup>
    <Image Include="Icon\logo.ico">
      <Filter>Icon</Filter>
    </Image>
  </ItemGroup>
</Project>