<?xml version="1.0" encoding="utf-8"?>
<Project ToolsVersion="4.0" xmlns="http://schemas.microsoft.com/developer/msbuild/2003">
  <ItemGroup>
    <Filter Include="Buffer">
      <UniqueIdentifier>{c7f77ed0-d136-4c43-95cc-c39d5a579fa3}</UniqueIdentifier>
    </Filter>
    <Filter Include="Buffer\Cache">
      <UniqueIdentifier>{8ad7b7a2-12ff-469e-8756-5863f2545fa4}</UniqueIdentifier>
    </Filter>
    <Filter Include="Buffer\Data">
      <UniqueIdentifier>{6c91e200-6345-44ec-84d6-e4dc704eefcf}</UniqueIdentifier>
    </Filter>
    <Filter Include="2D">
      <UniqueIdentifier>{363de9ee-0263-4e5b-94ad-96d8ce353594}</UniqueIdentifier>
    </Filter>
    <Filter Include="2D\Player">
      <UniqueIdentifier>{f37dc954-9fa9-47b5-9bcc-cecec9cc28dd}</UniqueIdentifier>
    </Filter>
    <Filter Include="2D\Data">
      <UniqueIdentifier>{f75e0844-6c32-453b-bcce-565d404ddda8}</UniqueIdentifier>
    </Filter>
    <Filter Include="3D">
      <UniqueIdentifier>{1d66aad1-4ec3-4b98-933f-152c34c26518}</UniqueIdentifier>
    </Filter>
    <Filter Include="3D\Player">
      <UniqueIdentifier>{3acbf7bb-b1b7-4bba-b79a-987659c02c1b}</UniqueIdentifier>
    </Filter>
    <Filter Include="3D\Data">
      <UniqueIdentifier>{e9d3fd06-fce4-491d-b04c-e2498b5f1b44}</UniqueIdentifier>
    </Filter>
  </ItemGroup>
  <ItemGroup>
    <ClCompile Include="..\..\..\src\wave_buffer.cpp">
      <Filter>Buffer\Data</Filter>
    </ClCompile>
    <ClCompile Include="..\..\..\src\wave_buffer_cache.cpp">
      <Filter>Buffer\Cache</Filter>
    </ClCompile>
    <ClCompile Include="..\..\..\src\sound2d_player_control.cpp">
      <Filter>2D\Player</Filter>
    </ClCompile>
    <ClCompile Include="..\..\..\src\sound2d_player_misc.cpp">
      <Filter>2D\Player</Filter>
    </ClCompile>
    <ClCompile Include="..\..\..\src\sound2d_player_update.cpp">
      <Filter>2D\Player</Filter>
    </ClCompile>
    <ClCompile Include="..\..\..\src\sound3d_player_update.cpp">
      <Filter>3D\Player</Filter>
    </ClCompile>
    <ClCompile Include="..\..\..\src\sound3d_player_control.cpp">
      <Filter>3D\Player</Filter>
    </ClCompile>
    <ClCompile Include="..\..\..\src\sound3d_player_misc.cpp">
      <Filter>3D\Player</Filter>
    </ClCompile>
    <ClCompile Include="..\..\..\src\started_sound3d.cpp">
      <Filter>3D\Data</Filter>
    </ClCompile>
    <ClCompile Include="..\..\..\src\started_sound2d.cpp">
      <Filter>2D\Data</Filter>
    </ClCompile>
  </ItemGroup>
  <ItemGroup>
    <ClInclude Include="..\..\..\src\wave_buffer.hpp">
      <Filter>Buffer\Data</Filter>
    </ClInclude>
    <ClInclude Include="..\..\..\src\wave_buffer_cache.hpp">
      <Filter>Buffer\Cache</Filter>
    </ClInclude>
    <ClInclude Include="..\..\..\src\sound2d_player.hpp">
      <Filter>2D\Player</Filter>
    </ClInclude>
    <ClInclude Include="..\..\..\src\sound3d_player.hpp">
      <Filter>3D\Player</Filter>
    </ClInclude>
    <ClInclude Include="..\..\..\src\started_sound3d.hpp">
      <Filter>3D\Data</Filter>
    </ClInclude>
    <ClInclude Include="..\..\..\src\started_sound2d.hpp">
      <Filter>2D\Data</Filter>
    </ClInclude>
  </ItemGroup>
</Project>