<?xml version="1.0" encoding="utf-8"?>
<Project ToolsVersion="4.0" xmlns="http://schemas.microsoft.com/developer/msbuild/2003">
  <ItemGroup>
    <Filter Include="Audio">
      <UniqueIdentifier>{81830e40-f9b0-4306-a6ad-29370178fc0a}</UniqueIdentifier>
    </Filter>
    <Filter Include="Mesh">
      <UniqueIdentifier>{f6342387-f9e9-47ed-8c29-abaa37f87394}</UniqueIdentifier>
    </Filter>
    <Filter Include="Mesh\Data">
      <UniqueIdentifier>{670e6dd3-26c9-4552-8298-3b97153e715b}</UniqueIdentifier>
    </Filter>
    <Filter Include="Mesh\Loader">
      <UniqueIdentifier>{d894e6c9-7082-4486-9b63-9b4b1d1abd8e}</UniqueIdentifier>
    </Filter>
    <Filter Include="Image">
      <UniqueIdentifier>{513f7e01-08fc-4d72-8725-c81c8862bfd7}</UniqueIdentifier>
    </Filter>
    <Filter Include="Image\Data">
      <UniqueIdentifier>{a4e2ed8e-5b9a-4f8e-8ddc-9506e5f0d855}</UniqueIdentifier>
    </Filter>
    <Filter Include="Image\Loader">
      <UniqueIdentifier>{7aebe5dc-2f42-497a-88d6-f60a67a2fff0}</UniqueIdentifier>
    </Filter>
  </ItemGroup>
  <ItemGroup>
    <ClCompile Include="..\..\..\src\audio_loader.cpp">
      <Filter>Audio</Filter>
    </ClCompile>
    <ClCompile Include="..\..\..\src\mesh_loader_private.cpp">
      <Filter>Mesh\Loader</Filter>
    </ClCompile>
    <ClCompile Include="..\..\..\src\mesh_loader_public.cpp">
      <Filter>Mesh\Loader</Filter>
    </ClCompile>
    <ClCompile Include="..\..\..\src\mesh_part.cpp">
      <Filter>Mesh\Data</Filter>
    </ClCompile>
    <ClCompile Include="..\..\..\src\image.cpp">
      <Filter>Image\Data</Filter>
    </ClCompile>
    <ClCompile Include="..\..\..\src\image_loader_public.cpp">
      <Filter>Image\Loader</Filter>
    </ClCompile>
    <ClCompile Include="..\..\..\src\image_loader_load.cpp">
      <Filter>Image\Loader</Filter>
    </ClCompile>
    <ClCompile Include="..\..\..\src\image_loader_private.cpp">
      <Filter>Image\Loader</Filter>
    </ClCompile>
  </ItemGroup>
  <ItemGroup>
    <ClInclude Include="..\..\..\src\audio_loader.hpp">
      <Filter>Audio</Filter>
    </ClInclude>
    <ClInclude Include="..\..\..\src\mesh_loader.hpp">
      <Filter>Mesh\Loader</Filter>
    </ClInclude>
    <ClInclude Include="..\..\..\src\mesh_part.hpp">
      <Filter>Mesh\Data</Filter>
    </ClInclude>
    <ClInclude Include="..\..\..\src\image.hpp">
      <Filter>Image\Data</Filter>
    </ClInclude>
    <ClInclude Include="..\..\..\src\image_loader.hpp">
      <Filter>Image\Loader</Filter>
    </ClInclude>
  </ItemGroup>
</Project>