<?xml version="1.0" encoding="utf-8"?>
<Project ToolsVersion="4.0" xmlns="http://schemas.microsoft.com/developer/msbuild/2003">
  <ItemGroup>
    <Filter Include="Core">
      <UniqueIdentifier>{9dfc9e9f-7ab2-4238-9f11-4e13e91cf600}</UniqueIdentifier>
    </Filter>
    <Filter Include="Data Structures">
      <UniqueIdentifier>{8ac10d5b-3270-41f6-a619-5e1f0b27af76}</UniqueIdentifier>
    </Filter>
    <Filter Include="Execution">
      <UniqueIdentifier>{65b42125-b9a3-4e09-8f7c-779c9f646114}</UniqueIdentifier>
    </Filter>
    <Filter Include="Execution\Executor">
      <UniqueIdentifier>{7957d012-28d5-47d3-86fa-a36da89e5535}</UniqueIdentifier>
    </Filter>
    <Filter Include="Execution\Interpreter">
      <UniqueIdentifier>{992e8f17-069a-47a9-8d87-7d83424dc77f}</UniqueIdentifier>
    </Filter>
    <Filter Include="Execution\Interpreter\Core">
      <UniqueIdentifier>{541da134-77a6-4ba7-a9ea-e1c174278bff}</UniqueIdentifier>
    </Filter>
    <Filter Include="Execution\Interpreter\Miscellaneous">
      <UniqueIdentifier>{a9fa97de-3c20-4d0b-86ee-83c7c11c0ede}</UniqueIdentifier>
    </Filter>
    <Filter Include="Execution\Interpreter\Function">
      <UniqueIdentifier>{130479bd-0c79-48e0-898d-a5b9b5165bc7}</UniqueIdentifier>
    </Filter>
    <Filter Include="Execution\Interpreter\Function\Entities">
      <UniqueIdentifier>{8fb47fb8-c477-475e-9548-5caeef410d6c}</UniqueIdentifier>
    </Filter>
    <Filter Include="Execution\Interpreter\Function\Miscellaneous">
      <UniqueIdentifier>{c23fe641-24b8-4dea-9b85-cfffcb26d4e4}</UniqueIdentifier>
    </Filter>
    <Filter Include="Execution\Interpreter\Function\Core">
      <UniqueIdentifier>{d76c7765-65c5-436a-a627-fdd98d31e78f}</UniqueIdentifier>
    </Filter>
    <Filter Include="Execution\Interpreter\Variable">
      <UniqueIdentifier>{ec855f5f-cba3-46b4-aac3-ae2109f5bbc1}</UniqueIdentifier>
    </Filter>
    <Filter Include="Execution\Interpreter\List">
      <UniqueIdentifier>{bfddae24-cac4-4b45-bdce-240a9ee906cc}</UniqueIdentifier>
    </Filter>
    <Filter Include="Execution\Interpreter\Function\Networking">
      <UniqueIdentifier>{847cc0de-5f17-483f-8f9d-0fee2643eea6}</UniqueIdentifier>
    </Filter>
    <Filter Include="Execution\Interpreter\Function\Audio">
      <UniqueIdentifier>{f0265524-b264-47ea-9dfc-72cb593e78c8}</UniqueIdentifier>
    </Filter>
  </ItemGroup>
  <ItemGroup>
    <ClCompile Include="..\..\Source\script.cpp">
      <Filter>Core</Filter>
    </ClCompile>
    <ClCompile Include="..\..\Source\script_file.cpp">
      <Filter>Core</Filter>
    </ClCompile>
    <ClCompile Include="..\..\Source\script_value.cpp">
      <Filter>Data Structures</Filter>
    </ClCompile>
    <ClCompile Include="..\..\Source\script_variable.cpp">
      <Filter>Data Structures</Filter>
    </ClCompile>
    <ClCompile Include="..\..\Source\script_executor.cpp">
      <Filter>Execution\Executor</Filter>
    </ClCompile>
    <ClCompile Include="..\..\Source\script_interpreter_main.cpp">
      <Filter>Execution\Interpreter\Core</Filter>
    </ClCompile>
    <ClCompile Include="..\..\Source\script_interpreter_execution.cpp">
      <Filter>Execution\Interpreter\Core</Filter>
    </ClCompile>
    <ClCompile Include="..\..\Source\script_interpreter_misc.cpp">
      <Filter>Execution\Interpreter\Miscellaneous</Filter>
    </ClCompile>
    <ClCompile Include="..\..\Source\script_interpreter_string_operations.cpp">
      <Filter>Execution\Interpreter\Miscellaneous</Filter>
    </ClCompile>
    <ClCompile Include="..\..\Source\script_interpreter_func_fe3d_filesystem_setters.cpp">
      <Filter>Execution\Interpreter\Function\Miscellaneous</Filter>
    </ClCompile>
    <ClCompile Include="..\..\Source\script_interpreter_func_fe3d_lighting_setters.cpp">
      <Filter>Execution\Interpreter\Function\Miscellaneous</Filter>
    </ClCompile>
    <ClCompile Include="..\..\Source\script_interpreter_func_fe3d_raycast_setters.cpp">
      <Filter>Execution\Interpreter\Function\Miscellaneous</Filter>
    </ClCompile>
    <ClCompile Include="..\..\Source\script_interpreter_func_fe3d_scene_setters.cpp">
      <Filter>Execution\Interpreter\Function\Miscellaneous</Filter>
    </ClCompile>
    <ClCompile Include="..\..\Source\script_interpreter_func_fe3d_graphics_setters.cpp">
      <Filter>Execution\Interpreter\Function\Miscellaneous</Filter>
    </ClCompile>
    <ClCompile Include="..\..\Source\script_interpreter_func_fe3d_camera_setters.cpp">
      <Filter>Execution\Interpreter\Function\Miscellaneous</Filter>
    </ClCompile>
    <ClCompile Include="..\..\Source\script_interpreter_func_fe3d_collision_setters.cpp">
      <Filter>Execution\Interpreter\Function\Miscellaneous</Filter>
    </ClCompile>
    <ClCompile Include="..\..\Source\script_interpreter_func_fe3d_input_getters.cpp">
      <Filter>Execution\Interpreter\Function\Miscellaneous</Filter>
    </ClCompile>
    <ClCompile Include="..\..\Source\script_interpreter_func_fe3d_misc_setters.cpp">
      <Filter>Execution\Interpreter\Function\Miscellaneous</Filter>
    </ClCompile>
    <ClCompile Include="..\..\Source\script_interpreter_func_math.cpp">
      <Filter>Execution\Interpreter\Function\Core</Filter>
    </ClCompile>
    <ClCompile Include="..\..\Source\script_interpreter_func_misc.cpp">
      <Filter>Execution\Interpreter\Function\Core</Filter>
    </ClCompile>
    <ClCompile Include="..\..\Source\script_interpreter_func_fe3d.cpp">
      <Filter>Execution\Interpreter\Function\Core</Filter>
    </ClCompile>
    <ClCompile Include="..\..\Source\script_interpreter_variable_arithmetic.cpp">
      <Filter>Execution\Interpreter\Variable</Filter>
    </ClCompile>
    <ClCompile Include="..\..\Source\script_interpreter_variable_create.cpp">
      <Filter>Execution\Interpreter\Variable</Filter>
    </ClCompile>
    <ClCompile Include="..\..\Source\script_interpreter_variable_misc.cpp">
      <Filter>Execution\Interpreter\Variable</Filter>
    </ClCompile>
    <ClCompile Include="..\..\Source\script_interpreter_variable_edit.cpp">
      <Filter>Execution\Interpreter\Variable</Filter>
    </ClCompile>
    <ClCompile Include="..\..\Source\script_interpreter_list_main.cpp">
      <Filter>Execution\Interpreter\List</Filter>
    </ClCompile>
    <ClCompile Include="..\..\Source\script_interpreter_list_misc.cpp">
      <Filter>Execution\Interpreter\List</Filter>
    </ClCompile>
    <ClCompile Include="..\..\Source\script_interpreter_condition.cpp">
      <Filter>Execution\Interpreter\Miscellaneous</Filter>
    </ClCompile>
    <ClCompile Include="..\..\Source\script_interpreter_func_fe3d_client_setters.cpp">
      <Filter>Execution\Interpreter\Function\Networking</Filter>
    </ClCompile>
    <ClCompile Include="..\..\Source\script_interpreter_func_fe3d_server_setters.cpp">
      <Filter>Execution\Interpreter\Function\Networking</Filter>
    </ClCompile>
    <ClCompile Include="..\..\Source\script_interpreter_func_fe3d_sky_setters.cpp">
      <Filter>Execution\Interpreter\Function\Entities</Filter>
    </ClCompile>
    <ClCompile Include="..\..\Source\script_interpreter_func_fe3d_terrain_getters.cpp">
      <Filter>Execution\Interpreter\Function\Entities</Filter>
    </ClCompile>
    <ClCompile Include="..\..\Source\script_interpreter_func_fe3d_water_setters.cpp">
      <Filter>Execution\Interpreter\Function\Entities</Filter>
    </ClCompile>
    <ClCompile Include="..\..\Source\script_interpreter_func_fe3d_aabb_getters.cpp">
      <Filter>Execution\Interpreter\Function\Entities</Filter>
    </ClCompile>
    <ClCompile Include="..\..\Source\script_interpreter_func_fe3d_billboard_setters.cpp">
      <Filter>Execution\Interpreter\Function\Entities</Filter>
    </ClCompile>
    <ClCompile Include="..\..\Source\script_interpreter_func_fe3d_image_setters.cpp">
      <Filter>Execution\Interpreter\Function\Entities</Filter>
    </ClCompile>
    <ClCompile Include="..\..\Source\script_interpreter_func_fe3d_light_setters.cpp">
      <Filter>Execution\Interpreter\Function\Entities</Filter>
    </ClCompile>
    <ClCompile Include="..\..\Source\script_interpreter_func_fe3d_model_setters.cpp">
      <Filter>Execution\Interpreter\Function\Entities</Filter>
    </ClCompile>
    <ClCompile Include="..\..\Source\script_interpreter_func_fe3d_text_setters.cpp">
      <Filter>Execution\Interpreter\Function\Entities</Filter>
    </ClCompile>
    <ClCompile Include="..\..\Source\script_interpreter_func_fe3d_reflection_setters.cpp">
      <Filter>Execution\Interpreter\Function\Entities</Filter>
    </ClCompile>
    <ClCompile Include="..\..\Source\script_condition_statement.cpp">
      <Filter>Data Structures</Filter>
    </ClCompile>
    <ClCompile Include="..\..\Source\script_interpreter_func_fe3d_music_setters.cpp">
      <Filter>Execution\Interpreter\Function\Audio</Filter>
    </ClCompile>
    <ClCompile Include="..\..\Source\script_interpreter_func_fe3d_sound_setters.cpp">
      <Filter>Execution\Interpreter\Function\Audio</Filter>
    </ClCompile>
    <ClCompile Include="..\..\Source\script_interpreter_func_fe3d_aabb_setters.cpp">
      <Filter>Execution\Interpreter\Function\Entities</Filter>
    </ClCompile>
    <ClCompile Include="..\..\Source\script_interpreter_func_fe3d_validation.cpp">
      <Filter>Execution\Interpreter\Function\Entities</Filter>
    </ClCompile>
    <ClCompile Include="..\..\Source\script_interpreter_func_fe3d_billboard_getters.cpp">
      <Filter>Execution\Interpreter\Function\Entities</Filter>
    </ClCompile>
    <ClCompile Include="..\..\Source\script_interpreter_func_fe3d_model_getters.cpp">
      <Filter>Execution\Interpreter\Function\Entities</Filter>
    </ClCompile>
    <ClCompile Include="..\..\Source\script_interpreter_func_fe3d_reflection_getters.cpp">
      <Filter>Execution\Interpreter\Function\Entities</Filter>
    </ClCompile>
    <ClCompile Include="..\..\Source\script_interpreter_func_fe3d_image_getters.cpp">
      <Filter>Execution\Interpreter\Function\Entities</Filter>
    </ClCompile>
    <ClCompile Include="..\..\Source\script_interpreter_func_fe3d_light_getters.cpp">
      <Filter>Execution\Interpreter\Function\Entities</Filter>
    </ClCompile>
    <ClCompile Include="..\..\Source\script_interpreter_func_fe3d_text_getters.cpp">
      <Filter>Execution\Interpreter\Function\Entities</Filter>
    </ClCompile>
    <ClCompile Include="..\..\Source\script_interpreter_func_fe3d_sky_getters.cpp">
      <Filter>Execution\Interpreter\Function\Entities</Filter>
    </ClCompile>
    <ClCompile Include="..\..\Source\script_interpreter_func_fe3d_water_getters.cpp">
      <Filter>Execution\Interpreter\Function\Entities</Filter>
    </ClCompile>
    <ClCompile Include="..\..\Source\script_interpreter_func_fe3d_camera_getters.cpp">
      <Filter>Execution\Interpreter\Function\Miscellaneous</Filter>
    </ClCompile>
    <ClCompile Include="..\..\Source\script_interpreter_func_fe3d_collision_getters.cpp">
      <Filter>Execution\Interpreter\Function\Miscellaneous</Filter>
    </ClCompile>
    <ClCompile Include="..\..\Source\script_interpreter_func_fe3d_filesystem_getters.cpp">
      <Filter>Execution\Interpreter\Function\Miscellaneous</Filter>
    </ClCompile>
    <ClCompile Include="..\..\Source\script_interpreter_func_fe3d_graphics_getters.cpp">
      <Filter>Execution\Interpreter\Function\Miscellaneous</Filter>
    </ClCompile>
    <ClCompile Include="..\..\Source\script_interpreter_func_fe3d_lighting_getters.cpp">
      <Filter>Execution\Interpreter\Function\Miscellaneous</Filter>
    </ClCompile>
    <ClCompile Include="..\..\Source\script_interpreter_func_fe3d_misc_getters.cpp">
      <Filter>Execution\Interpreter\Function\Miscellaneous</Filter>
    </ClCompile>
    <ClCompile Include="..\..\Source\script_interpreter_func_fe3d_music_getters.cpp">
      <Filter>Execution\Interpreter\Function\Audio</Filter>
    </ClCompile>
    <ClCompile Include="..\..\Source\script_interpreter_func_fe3d_sound_getters.cpp">
      <Filter>Execution\Interpreter\Function\Audio</Filter>
    </ClCompile>
    <ClCompile Include="..\..\Source\script_interpreter_func_fe3d_raycast_getters.cpp">
      <Filter>Execution\Interpreter\Function\Miscellaneous</Filter>
    </ClCompile>
    <ClCompile Include="..\..\Source\script_interpreter_func_fe3d_scene_getters.cpp">
      <Filter>Execution\Interpreter\Function\Miscellaneous</Filter>
    </ClCompile>
    <ClCompile Include="..\..\Source\script_interpreter_func_fe3d_server_getters.cpp">
      <Filter>Execution\Interpreter\Function\Networking</Filter>
    </ClCompile>
    <ClCompile Include="..\..\Source\script_interpreter_func_fe3d_client_getters.cpp">
      <Filter>Execution\Interpreter\Function\Networking</Filter>
    </ClCompile>
    <ClCompile Include="..\..\Source\script_interpreter_func_fe3d_terrain_setters.cpp">
      <Filter>Execution\Interpreter\Function\Entities</Filter>
    </ClCompile>
  </ItemGroup>
  <ItemGroup>
    <ClInclude Include="..\..\Source\script.hpp">
      <Filter>Core</Filter>
    </ClInclude>
    <ClInclude Include="..\..\Source\script_file.hpp">
      <Filter>Core</Filter>
    </ClInclude>
    <ClInclude Include="..\..\Source\script_variable.hpp">
      <Filter>Data Structures</Filter>
    </ClInclude>
    <ClInclude Include="..\..\Source\script_value.hpp">
      <Filter>Data Structures</Filter>
    </ClInclude>
    <ClInclude Include="..\..\Source\script_executor.hpp">
      <Filter>Execution\Executor</Filter>
    </ClInclude>
    <ClInclude Include="..\..\Source\script_interpreter.hpp">
      <Filter>Execution\Interpreter\Core</Filter>
    </ClInclude>
    <ClInclude Include="..\..\Source\script_condition_statement.hpp">
      <Filter>Data Structures</Filter>
    </ClInclude>
  </ItemGroup>
</Project>