<?xml version="1.0" encoding="utf-8"?>
<Project ToolsVersion="4.0" xmlns="http://schemas.microsoft.com/developer/msbuild/2003">
  <ItemGroup>
    <Filter Include="Miscellaneous">
      <UniqueIdentifier>{a7dae08a-f191-465d-9f2e-17f2f3d08e4b}</UniqueIdentifier>
    </Filter>
    <Filter Include="Shaders">
      <UniqueIdentifier>{ba14abd3-e04f-475b-bcea-96916736bc25}</UniqueIdentifier>
    </Filter>
    <Filter Include="Master Renderer">
      <UniqueIdentifier>{7d8c27fd-0dde-4b64-a4e8-c60d3a9fb95f}</UniqueIdentifier>
    </Filter>
    <Filter Include="Renderer">
      <UniqueIdentifier>{87058a7c-3a74-44c3-a64f-cf4399802d7f}</UniqueIdentifier>
    </Filter>
    <Filter Include="Buffer">
      <UniqueIdentifier>{b34fa46f-cff4-4862-a24b-caed3757d4ed}</UniqueIdentifier>
    </Filter>
    <Filter Include="Renderer\Entity">
      <UniqueIdentifier>{08f97625-e1f1-41db-8c32-2cdbbc1a8c33}</UniqueIdentifier>
    </Filter>
    <Filter Include="Renderer\Entity\Color">
      <UniqueIdentifier>{38d8a85c-95df-4d68-94a6-e808b088c6bf}</UniqueIdentifier>
    </Filter>
    <Filter Include="Renderer\Entity\Depth">
      <UniqueIdentifier>{36c32f45-1f3c-454e-a0c7-a92cac134a66}</UniqueIdentifier>
    </Filter>
    <Filter Include="Renderer\Post">
      <UniqueIdentifier>{7fb7ca30-ed1c-4742-80f3-75199997d0c0}</UniqueIdentifier>
    </Filter>
    <Filter Include="Shaders\Entity">
      <UniqueIdentifier>{6c8e990a-18ba-41ce-bc62-1af0d6f53558}</UniqueIdentifier>
    </Filter>
    <Filter Include="Shaders\Entity\Color">
      <UniqueIdentifier>{978ac806-3ab4-4635-b088-96d301382937}</UniqueIdentifier>
    </Filter>
    <Filter Include="Shaders\Entity\Depth">
      <UniqueIdentifier>{c94bac82-9f6a-4c5c-87a0-da11f83b4fcd}</UniqueIdentifier>
    </Filter>
    <Filter Include="Shaders\Post">
      <UniqueIdentifier>{16f78e2a-5f05-4057-a0e0-4b959ade0823}</UniqueIdentifier>
    </Filter>
    <Filter Include="Buffer\Data">
      <UniqueIdentifier>{6e54bb7f-a500-491c-9047-56648eb1bc73}</UniqueIdentifier>
    </Filter>
    <Filter Include="Buffer\Cache">
      <UniqueIdentifier>{3958658e-9f3c-4b81-866f-14d78b557594}</UniqueIdentifier>
    </Filter>
    <Filter Include="Renderer\Base">
      <UniqueIdentifier>{83813c54-94d4-4c5a-b4f7-1161832d4096}</UniqueIdentifier>
    </Filter>
  </ItemGroup>
  <ItemGroup>
    <ClCompile Include="..\..\..\src\master_renderer_capture_cube.cpp">
      <Filter>Master Renderer</Filter>
    </ClCompile>
    <ClCompile Include="..\..\..\src\master_renderer_capture_misc.cpp">
      <Filter>Master Renderer</Filter>
    </ClCompile>
    <ClCompile Include="..\..\..\src\master_renderer_draw.cpp">
      <Filter>Master Renderer</Filter>
    </ClCompile>
    <ClCompile Include="..\..\..\src\master_renderer_main.cpp">
      <Filter>Master Renderer</Filter>
    </ClCompile>
    <ClCompile Include="..\..\..\src\render_bus_get.cpp">
      <Filter>Miscellaneous</Filter>
    </ClCompile>
    <ClCompile Include="..\..\..\src\render_bus_set.cpp">
      <Filter>Miscellaneous</Filter>
    </ClCompile>
    <ClCompile Include="..\..\..\src\shadow_generator.cpp">
      <Filter>Miscellaneous</Filter>
    </ClCompile>
    <ClCompile Include="..\..\..\src\render_window.cpp">
      <Filter>Miscellaneous</Filter>
    </ClCompile>
    <ClCompile Include="..\..\..\src\blur_renderer.cpp">
      <Filter>Renderer\Post</Filter>
    </ClCompile>
    <ClCompile Include="..\..\..\src\anti_aliasing_renderer.cpp">
      <Filter>Renderer\Post</Filter>
    </ClCompile>
    <ClCompile Include="..\..\..\src\aabb_entity_color_renderer.cpp">
      <Filter>Renderer\Entity\Color</Filter>
    </ClCompile>
    <ClCompile Include="..\..\..\src\billboard_entity_color_renderer.cpp">
      <Filter>Renderer\Entity\Color</Filter>
    </ClCompile>
    <ClCompile Include="..\..\..\src\quad_entity_color_renderer.cpp">
      <Filter>Renderer\Entity\Color</Filter>
    </ClCompile>
    <ClCompile Include="..\..\..\src\model_entity_color_renderer.cpp">
      <Filter>Renderer\Entity\Color</Filter>
    </ClCompile>
    <ClCompile Include="..\..\..\src\sky_entity_color_renderer.cpp">
      <Filter>Renderer\Entity\Color</Filter>
    </ClCompile>
    <ClCompile Include="..\..\..\src\terrain_entity_color_renderer.cpp">
      <Filter>Renderer\Entity\Color</Filter>
    </ClCompile>
    <ClCompile Include="..\..\..\src\water_entity_color_renderer.cpp">
      <Filter>Renderer\Entity\Color</Filter>
    </ClCompile>
    <ClCompile Include="..\..\..\src\terrain_entity_depth_renderer.cpp">
      <Filter>Renderer\Entity\Depth</Filter>
    </ClCompile>
    <ClCompile Include="..\..\..\src\model_entity_depth_renderer.cpp">
      <Filter>Renderer\Entity\Depth</Filter>
    </ClCompile>
    <ClCompile Include="..\..\..\src\billboard_entity_depth_renderer.cpp">
      <Filter>Renderer\Entity\Depth</Filter>
    </ClCompile>
    <ClCompile Include="..\..\..\src\model_entity_shadow_renderer.cpp">
      <Filter>Renderer\Entity\Depth</Filter>
    </ClCompile>
    <ClCompile Include="..\..\..\src\billboard_entity_shadow_renderer.cpp">
      <Filter>Renderer\Entity\Depth</Filter>
    </ClCompile>
    <ClCompile Include="..\..\..\src\bloom_renderer.cpp">
      <Filter>Renderer\Post</Filter>
    </ClCompile>
    <ClCompile Include="..\..\..\src\dof_renderer.cpp">
      <Filter>Renderer\Post</Filter>
    </ClCompile>
    <ClCompile Include="..\..\..\src\lens_flare_renderer.cpp">
      <Filter>Renderer\Post</Filter>
    </ClCompile>
    <ClCompile Include="..\..\..\src\motion_blur_renderer.cpp">
      <Filter>Renderer\Post</Filter>
    </ClCompile>
    <ClCompile Include="..\..\..\src\master_renderer_capture_water.cpp">
      <Filter>Master Renderer</Filter>
    </ClCompile>
    <ClCompile Include="..\..\..\src\master_renderer_capture_planar.cpp">
      <Filter>Master Renderer</Filter>
    </ClCompile>
    <ClCompile Include="..\..\..\src\capture_buffer.cpp">
      <Filter>Buffer\Data</Filter>
    </ClCompile>
    <ClCompile Include="..\..\..\src\shader_buffer.cpp">
      <Filter>Buffer\Data</Filter>
    </ClCompile>
    <ClCompile Include="..\..\..\src\texture_buffer.cpp">
      <Filter>Buffer\Data</Filter>
    </ClCompile>
    <ClCompile Include="..\..\..\src\vertex_buffer.cpp">
      <Filter>Buffer\Data</Filter>
    </ClCompile>
    <ClCompile Include="..\..\..\src\buffer_cache.cpp">
      <Filter>Buffer\Cache</Filter>
    </ClCompile>
    <ClCompile Include="..\..\..\src\master_renderer_misc.cpp">
      <Filter>Master Renderer</Filter>
    </ClCompile>
    <ClCompile Include="..\..\..\src\base_renderer.cpp">
      <Filter>Renderer\Base</Filter>
    </ClCompile>
  </ItemGroup>
  <ItemGroup>
    <ClInclude Include="..\..\..\src\master_renderer.hpp">
      <Filter>Master Renderer</Filter>
    </ClInclude>
    <ClInclude Include="..\..\..\src\render_bus.hpp">
      <Filter>Miscellaneous</Filter>
    </ClInclude>
    <ClInclude Include="..\..\..\src\shadow_generator.hpp">
      <Filter>Miscellaneous</Filter>
    </ClInclude>
    <ClInclude Include="..\..\..\src\render_window.hpp">
      <Filter>Miscellaneous</Filter>
    </ClInclude>
    <ClInclude Include="..\..\..\src\blur_renderer.hpp">
      <Filter>Renderer\Post</Filter>
    </ClInclude>
    <ClInclude Include="..\..\..\src\anti_aliasing_renderer.hpp">
      <Filter>Renderer\Post</Filter>
    </ClInclude>
    <ClInclude Include="..\..\..\src\aabb_entity_color_renderer.hpp">
      <Filter>Renderer\Entity\Color</Filter>
    </ClInclude>
    <ClInclude Include="..\..\..\src\billboard_entity_color_renderer.hpp">
      <Filter>Renderer\Entity\Color</Filter>
    </ClInclude>
    <ClInclude Include="..\..\..\src\quad_entity_color_renderer.hpp">
      <Filter>Renderer\Entity\Color</Filter>
    </ClInclude>
    <ClInclude Include="..\..\..\src\model_entity_color_renderer.hpp">
      <Filter>Renderer\Entity\Color</Filter>
    </ClInclude>
    <ClInclude Include="..\..\..\src\sky_entity_color_renderer.hpp">
      <Filter>Renderer\Entity\Color</Filter>
    </ClInclude>
    <ClInclude Include="..\..\..\src\terrain_entity_color_renderer.hpp">
      <Filter>Renderer\Entity\Color</Filter>
    </ClInclude>
    <ClInclude Include="..\..\..\src\water_entity_color_renderer.hpp">
      <Filter>Renderer\Entity\Color</Filter>
    </ClInclude>
    <ClInclude Include="..\..\..\src\terrain_entity_depth_renderer.hpp">
      <Filter>Renderer\Entity\Depth</Filter>
    </ClInclude>
    <ClInclude Include="..\..\..\src\model_entity_depth_renderer.hpp">
      <Filter>Renderer\Entity\Depth</Filter>
    </ClInclude>
    <ClInclude Include="..\..\..\src\billboard_entity_depth_renderer.hpp">
      <Filter>Renderer\Entity\Depth</Filter>
    </ClInclude>
    <ClInclude Include="..\..\..\src\model_entity_shadow_renderer.hpp">
      <Filter>Renderer\Entity\Depth</Filter>
    </ClInclude>
    <ClInclude Include="..\..\..\src\billboard_entity_shadow_renderer.hpp">
      <Filter>Renderer\Entity\Depth</Filter>
    </ClInclude>
    <ClInclude Include="..\..\..\src\bloom_renderer.hpp">
      <Filter>Renderer\Post</Filter>
    </ClInclude>
    <ClInclude Include="..\..\..\src\dof_renderer.hpp">
      <Filter>Renderer\Post</Filter>
    </ClInclude>
    <ClInclude Include="..\..\..\src\lens_flare_renderer.hpp">
      <Filter>Renderer\Post</Filter>
    </ClInclude>
    <ClInclude Include="..\..\..\src\motion_blur_renderer.hpp">
      <Filter>Renderer\Post</Filter>
    </ClInclude>
    <ClInclude Include="..\..\..\src\capture_buffer.hpp">
      <Filter>Buffer\Data</Filter>
    </ClInclude>
    <ClInclude Include="..\..\..\src\shader_buffer.hpp">
      <Filter>Buffer\Data</Filter>
    </ClInclude>
    <ClInclude Include="..\..\..\src\texture_buffer.hpp">
      <Filter>Buffer\Data</Filter>
    </ClInclude>
    <ClInclude Include="..\..\..\src\vertex_buffer.hpp">
      <Filter>Buffer\Data</Filter>
    </ClInclude>
    <ClInclude Include="..\..\..\src\buffer_cache.hpp">
      <Filter>Buffer\Cache</Filter>
    </ClInclude>
    <ClInclude Include="..\..\..\src\base_renderer.hpp">
      <Filter>Renderer\Base</Filter>
    </ClInclude>
  </ItemGroup>
  <ItemGroup>
    <None Include="..\..\..\app\engine\shaders\motion_blur_shader.frag">
      <Filter>Shaders\Post</Filter>
    </None>
    <None Include="..\..\..\app\engine\shaders\motion_blur_shader.vert">
      <Filter>Shaders\Post</Filter>
    </None>
    <None Include="..\..\..\app\engine\shaders\anti_aliasing_shader.frag">
      <Filter>Shaders\Post</Filter>
    </None>
    <None Include="..\..\..\app\engine\shaders\anti_aliasing_shader.vert">
      <Filter>Shaders\Post</Filter>
    </None>
    <None Include="..\..\..\app\engine\shaders\bloom_shader.frag">
      <Filter>Shaders\Post</Filter>
    </None>
    <None Include="..\..\..\app\engine\shaders\bloom_shader.vert">
      <Filter>Shaders\Post</Filter>
    </None>
    <None Include="..\..\..\app\engine\shaders\blur_shader.frag">
      <Filter>Shaders\Post</Filter>
    </None>
    <None Include="..\..\..\app\engine\shaders\blur_shader.vert">
      <Filter>Shaders\Post</Filter>
    </None>
    <None Include="..\..\..\app\engine\shaders\dof_shader.frag">
      <Filter>Shaders\Post</Filter>
    </None>
    <None Include="..\..\..\app\engine\shaders\dof_shader.vert">
      <Filter>Shaders\Post</Filter>
    </None>
    <None Include="..\..\..\app\engine\shaders\lens_flare_shader.frag">
      <Filter>Shaders\Post</Filter>
    </None>
    <None Include="..\..\..\app\engine\shaders\lens_flare_shader.vert">
      <Filter>Shaders\Post</Filter>
    </None>
    <None Include="..\..\..\app\engine\shaders\aabb_entity_color_shader.frag">
      <Filter>Shaders\Entity\Color</Filter>
    </None>
    <None Include="..\..\..\app\engine\shaders\aabb_entity_color_shader.vert">
      <Filter>Shaders\Entity\Color</Filter>
    </None>
    <None Include="..\..\..\app\engine\shaders\billboard_entity_color_shader.frag">
      <Filter>Shaders\Entity\Color</Filter>
    </None>
    <None Include="..\..\..\app\engine\shaders\billboard_entity_color_shader.vert">
      <Filter>Shaders\Entity\Color</Filter>
    </None>
    <None Include="..\..\..\app\engine\shaders\quad_entity_color_shader.frag">
      <Filter>Shaders\Entity\Color</Filter>
    </None>
    <None Include="..\..\..\app\engine\shaders\quad_entity_color_shader.vert">
      <Filter>Shaders\Entity\Color</Filter>
    </None>
    <None Include="..\..\..\app\engine\shaders\model_entity_color_shader.frag">
      <Filter>Shaders\Entity\Color</Filter>
    </None>
    <None Include="..\..\..\app\engine\shaders\model_entity_color_shader.vert">
      <Filter>Shaders\Entity\Color</Filter>
    </None>
    <None Include="..\..\..\app\engine\shaders\sky_entity_color_shader.frag">
      <Filter>Shaders\Entity\Color</Filter>
    </None>
    <None Include="..\..\..\app\engine\shaders\sky_entity_color_shader.vert">
      <Filter>Shaders\Entity\Color</Filter>
    </None>
    <None Include="..\..\..\app\engine\shaders\terrain_entity_color_shader.frag">
      <Filter>Shaders\Entity\Color</Filter>
    </None>
    <None Include="..\..\..\app\engine\shaders\terrain_entity_color_shader.vert">
      <Filter>Shaders\Entity\Color</Filter>
    </None>
    <None Include="..\..\..\app\engine\shaders\water_entity_color_shader.frag">
      <Filter>Shaders\Entity\Color</Filter>
    </None>
    <None Include="..\..\..\app\engine\shaders\water_entity_color_shader.vert">
      <Filter>Shaders\Entity\Color</Filter>
    </None>
    <None Include="..\..\..\app\engine\shaders\terrain_entity_depth_shader.vert">
      <Filter>Shaders\Entity\Depth</Filter>
    </None>
    <None Include="..\..\..\app\engine\shaders\terrain_entity_depth_shader.frag">
      <Filter>Shaders\Entity\Depth</Filter>
    </None>
    <None Include="..\..\..\app\engine\shaders\model_entity_depth_shader.vert">
      <Filter>Shaders\Entity\Depth</Filter>
    </None>
    <None Include="..\..\..\app\engine\shaders\model_entity_depth_shader.frag">
      <Filter>Shaders\Entity\Depth</Filter>
    </None>
    <None Include="..\..\..\app\engine\shaders\billboard_entity_depth_shader.vert">
      <Filter>Shaders\Entity\Depth</Filter>
    </None>
    <None Include="..\..\..\app\engine\shaders\billboard_entity_depth_shader.frag">
      <Filter>Shaders\Entity\Depth</Filter>
    </None>
    <None Include="..\..\..\app\engine\shaders\billboard_entity_shadow_shader.vert">
      <Filter>Shaders\Entity\Depth</Filter>
    </None>
    <None Include="..\..\..\app\engine\shaders\billboard_entity_shadow_shader.frag">
      <Filter>Shaders\Entity\Depth</Filter>
    </None>
    <None Include="..\..\..\app\engine\shaders\model_entity_shadow_shader.vert">
      <Filter>Shaders\Entity\Depth</Filter>
    </None>
    <None Include="..\..\..\app\engine\shaders\model_entity_shadow_shader.frag">
      <Filter>Shaders\Entity\Depth</Filter>
    </None>
  </ItemGroup>
</Project>