<?xml version="1.0" encoding="utf-8"?>
<Project ToolsVersion="4.0" xmlns="http://schemas.microsoft.com/developer/msbuild/2003">
  <ItemGroup>
    <Filter Include="Core">
      <UniqueIdentifier>{c38cb861-2702-4948-b602-a7e9835def5f}</UniqueIdentifier>
    </Filter>
    <Filter Include="Matrix">
      <UniqueIdentifier>{e5629230-2b10-47b9-9aea-0d0ac3fe6bd6}</UniqueIdentifier>
    </Filter>
    <Filter Include="Vector">
      <UniqueIdentifier>{d61bcf02-5acf-4c8d-baee-3d1610f9c6ca}</UniqueIdentifier>
    </Filter>
    <Filter Include="Vector\Integer">
      <UniqueIdentifier>{ed307d06-210c-46cf-875d-37395216205d}</UniqueIdentifier>
    </Filter>
    <Filter Include="Vector\Float">
      <UniqueIdentifier>{0d5f0369-a52b-4abc-b3f6-e46f49d6861f}</UniqueIdentifier>
    </Filter>
  </ItemGroup>
  <ItemGroup>
    <ClInclude Include="..\..\Source\mathematics.hpp">
      <Filter>Core</Filter>
    </ClInclude>
    <ClInclude Include="..\..\Source\matrix33.hpp">
      <Filter>Matrix</Filter>
    </ClInclude>
    <ClInclude Include="..\..\Source\matrix44.hpp">
      <Filter>Matrix</Filter>
    </ClInclude>
    <ClInclude Include="..\..\Source\vector4.hpp">
      <Filter>Vector\Float</Filter>
    </ClInclude>
    <ClInclude Include="..\..\Source\vector2.hpp">
      <Filter>Vector\Float</Filter>
    </ClInclude>
    <ClInclude Include="..\..\Source\vector3.hpp">
      <Filter>Vector\Float</Filter>
    </ClInclude>
    <ClInclude Include="..\..\Source\ivector4.hpp">
      <Filter>Vector\Integer</Filter>
    </ClInclude>
    <ClInclude Include="..\..\Source\ivector2.hpp">
      <Filter>Vector\Integer</Filter>
    </ClInclude>
    <ClInclude Include="..\..\Source\ivector3.hpp">
      <Filter>Vector\Integer</Filter>
    </ClInclude>
  </ItemGroup>
  <ItemGroup>
    <ClCompile Include="..\..\Source\matrix33.cpp">
      <Filter>Matrix</Filter>
    </ClCompile>
    <ClCompile Include="..\..\Source\matrix44.cpp">
      <Filter>Matrix</Filter>
    </ClCompile>
    <ClCompile Include="..\..\Source\mathematics_misc.cpp">
      <Filter>Core</Filter>
    </ClCompile>
    <ClCompile Include="..\..\Source\mathematics_matrix_creation.cpp">
      <Filter>Core</Filter>
    </ClCompile>
    <ClCompile Include="..\..\Source\mathematics_vector.cpp">
      <Filter>Core</Filter>
    </ClCompile>
    <ClCompile Include="..\..\Source\vector2.cpp">
      <Filter>Vector\Float</Filter>
    </ClCompile>
    <ClCompile Include="..\..\Source\vector3.cpp">
      <Filter>Vector\Float</Filter>
    </ClCompile>
    <ClCompile Include="..\..\Source\vector4.cpp">
      <Filter>Vector\Float</Filter>
    </ClCompile>
    <ClCompile Include="..\..\Source\ivector4.cpp">
      <Filter>Vector\Integer</Filter>
    </ClCompile>
    <ClCompile Include="..\..\Source\ivector2.cpp">
      <Filter>Vector\Integer</Filter>
    </ClCompile>
    <ClCompile Include="..\..\Source\ivector3.cpp">
      <Filter>Vector\Integer</Filter>
    </ClCompile>
    <ClCompile Include="..\..\Source\mathematics_matrix_misc.cpp">
      <Filter>Core</Filter>
    </ClCompile>
  </ItemGroup>
</Project>