<?xml version="1.0" encoding="utf-8"?>
<Project ToolsVersion="4.0" xmlns="http://schemas.microsoft.com/developer/msbuild/2003">
  <ItemGroup>
    <Filter Include="Core">
      <UniqueIdentifier>{632e61ee-86e3-4760-8424-7e3ab983604a}</UniqueIdentifier>
    </Filter>
    <Filter Include="Data Structures">
      <UniqueIdentifier>{9dd572bc-a971-4c4d-bdc5-bafbeb583d68}</UniqueIdentifier>
    </Filter>
    <Filter Include="Core\Collision">
      <UniqueIdentifier>{ca41db49-1882-4403-97a1-1182e8d0d208}</UniqueIdentifier>
    </Filter>
    <Filter Include="Core\Raycasting">
      <UniqueIdentifier>{38c4b353-998f-4065-9e6b-e3620964be85}</UniqueIdentifier>
    </Filter>
    <Filter Include="Core\Collision\Detection">
      <UniqueIdentifier>{e5a99923-9813-4e5a-a818-3f58048fdabb}</UniqueIdentifier>
    </Filter>
    <Filter Include="Core\Collision\Response">
      <UniqueIdentifier>{08df31da-49f1-4652-a099-82c7bef88d22}</UniqueIdentifier>
    </Filter>
  </ItemGroup>
  <ItemGroup>
    <ClCompile Include="..\..\Source\box.cpp">
      <Filter>Data Structures</Filter>
    </ClCompile>
    <ClCompile Include="..\..\Source\raycaster.cpp">
      <Filter>Core\Raycasting</Filter>
    </ClCompile>
    <ClCompile Include="..\..\Source\ray.cpp">
      <Filter>Data Structures</Filter>
    </ClCompile>
    <ClCompile Include="..\..\Source\camera_collision_detector.cpp">
      <Filter>Core\Collision\Detection</Filter>
    </ClCompile>
    <ClCompile Include="..\..\Source\camera_collision_handler_core.cpp">
      <Filter>Core\Collision\Response</Filter>
    </ClCompile>
    <ClCompile Include="..\..\Source\camera_collision_handler_misc.cpp">
      <Filter>Core\Collision\Response</Filter>
    </ClCompile>
  </ItemGroup>
  <ItemGroup>
    <ClInclude Include="..\..\Source\box.hpp">
      <Filter>Data Structures</Filter>
    </ClInclude>
    <ClInclude Include="..\..\Source\raycaster.hpp">
      <Filter>Core\Raycasting</Filter>
    </ClInclude>
    <ClInclude Include="..\..\Source\ray.hpp">
      <Filter>Data Structures</Filter>
    </ClInclude>
    <ClInclude Include="..\..\Source\camera_collision_detector.hpp">
      <Filter>Core\Collision\Detection</Filter>
    </ClInclude>
    <ClInclude Include="..\..\Source\camera_collision_handler.hpp">
      <Filter>Core\Collision\Response</Filter>
    </ClInclude>
  </ItemGroup>
</Project>