<?xml version="1.0" encoding="utf-8"?>
<Project ToolsVersion="4.0" xmlns="http://schemas.microsoft.com/developer/msbuild/2003">
  <ItemGroup>
    <Filter Include="2D">
      <UniqueIdentifier>{c1e9a036-8818-4c35-aa0c-32d263c21fb2}</UniqueIdentifier>
    </Filter>
    <Filter Include="2D\Data">
      <UniqueIdentifier>{97289457-4438-4566-acfb-fa26e3a1f574}</UniqueIdentifier>
    </Filter>
    <Filter Include="3D">
      <UniqueIdentifier>{a12ee432-4a42-4698-bda7-397e17a93081}</UniqueIdentifier>
    </Filter>
    <Filter Include="3D\Data">
      <UniqueIdentifier>{6f0e1b53-c681-4659-8e99-e34cb56f264f}</UniqueIdentifier>
    </Filter>
    <Filter Include="3D\Player">
      <UniqueIdentifier>{6a51b428-152d-418d-8ee8-c6a4fed3005d}</UniqueIdentifier>
    </Filter>
    <Filter Include="2D\Player">
      <UniqueIdentifier>{971a5e78-1614-483b-8047-3a5b3076e2fd}</UniqueIdentifier>
    </Filter>
  </ItemGroup>
  <ItemGroup>
    <ClCompile Include="..\..\..\src\started_animation2d.cpp">
      <Filter>2D\Data</Filter>
    </ClCompile>
    <ClCompile Include="..\..\..\src\animation2d_player_misc.cpp">
      <Filter>2D\Player</Filter>
    </ClCompile>
    <ClCompile Include="..\..\..\src\animation2d_player_update.cpp">
      <Filter>2D\Player</Filter>
    </ClCompile>
    <ClCompile Include="..\..\..\src\animation2d_player_control.cpp">
      <Filter>2D\Player</Filter>
    </ClCompile>
    <ClCompile Include="..\..\..\src\animation3d_player_control.cpp">
      <Filter>3D\Player</Filter>
    </ClCompile>
    <ClCompile Include="..\..\..\src\started_animation3d.cpp">
      <Filter>3D\Data</Filter>
    </ClCompile>
    <ClCompile Include="..\..\..\src\animation3d_player_misc.cpp">
      <Filter>3D\Player</Filter>
    </ClCompile>
    <ClCompile Include="..\..\..\src\animation3d_player_update.cpp">
      <Filter>3D\Player</Filter>
    </ClCompile>
  </ItemGroup>
  <ItemGroup>
    <ClInclude Include="..\..\..\src\started_animation2d.hpp">
      <Filter>2D\Data</Filter>
    </ClInclude>
    <ClInclude Include="..\..\..\src\animation2d_player.hpp">
      <Filter>2D\Player</Filter>
    </ClInclude>
    <ClInclude Include="..\..\..\src\animation3d_player.hpp">
      <Filter>3D\Player</Filter>
    </ClInclude>
    <ClInclude Include="..\..\..\src\started_animation3d.hpp">
      <Filter>3D\Data</Filter>
    </ClInclude>
  </ItemGroup>
</Project>