<?xml version="1.0" encoding="utf-8"?>
<Project ToolsVersion="4.0" xmlns="http://schemas.microsoft.com/developer/msbuild/2003">
  <ItemGroup>
    <Filter Include="Miscellaneous">
      <UniqueIdentifier>{cb9abead-d725-4fa1-af8f-f916f2d37d4c}</UniqueIdentifier>
    </Filter>
    <Filter Include="Enumeration">
      <UniqueIdentifier>{a7511681-4353-4e85-ba1a-e0b7d1d99d01}</UniqueIdentifier>
    </Filter>
  </ItemGroup>
  <ItemGroup>
    <ClInclude Include="..\..\..\src\aabb_parent_entity_type.hpp">
      <Filter>Enumeration</Filter>
    </ClInclude>
    <ClInclude Include="..\..\..\src\animation3d_speed_type.hpp">
      <Filter>Enumeration</Filter>
    </ClInclude>
    <ClInclude Include="..\..\..\src\blur_direction.hpp">
      <Filter>Enumeration</Filter>
    </ClInclude>
    <ClInclude Include="..\..\..\src\render_buffer_type.hpp">
      <Filter>Enumeration</Filter>
    </ClInclude>
    <ClInclude Include="..\..\..\src\direction.hpp">
      <Filter>Enumeration</Filter>
    </ClInclude>
    <ClInclude Include="..\..\..\src\message_type.hpp">
      <Filter>Enumeration</Filter>
    </ClInclude>
    <ClInclude Include="..\..\..\src\script_condition_type.hpp">
      <Filter>Enumeration</Filter>
    </ClInclude>
    <ClInclude Include="..\..\..\src\script_type.hpp">
      <Filter>Enumeration</Filter>
    </ClInclude>
    <ClInclude Include="..\..\..\src\script_value_type.hpp">
      <Filter>Enumeration</Filter>
    </ClInclude>
    <ClInclude Include="..\..\..\src\script_variable_scope.hpp">
      <Filter>Enumeration</Filter>
    </ClInclude>
    <ClInclude Include="..\..\..\src\script_variable_type.hpp">
      <Filter>Enumeration</Filter>
    </ClInclude>
    <ClInclude Include="..\..\..\src\input_type.hpp">
      <Filter>Enumeration</Filter>
    </ClInclude>
    <ClInclude Include="..\..\..\src\transformation_type.hpp">
      <Filter>Enumeration</Filter>
    </ClInclude>
    <ClInclude Include="..\..\..\src\configuration.hpp">
      <Filter>Miscellaneous</Filter>
    </ClInclude>
    <ClInclude Include="..\..\..\src\input_handler.hpp">
      <Filter>Miscellaneous</Filter>
    </ClInclude>
    <ClInclude Include="..\..\..\src\logger.hpp">
      <Filter>Miscellaneous</Filter>
    </ClInclude>
    <ClInclude Include="..\..\..\src\timer.hpp">
      <Filter>Miscellaneous</Filter>
    </ClInclude>
    <ClInclude Include="..\..\..\src\tools.hpp">
      <Filter>Miscellaneous</Filter>
    </ClInclude>
    <ClInclude Include="..\..\..\src\library_loader.hpp">
      <Filter>Miscellaneous</Filter>
    </ClInclude>
    <ClInclude Include="..\..\..\src\network_protocol.hpp">
      <Filter>Enumeration</Filter>
    </ClInclude>
    <ClInclude Include="..\..\..\src\water_quality.hpp">
      <Filter>Enumeration</Filter>
    </ClInclude>
    <ClInclude Include="..\..\..\src\bloom_type.hpp">
      <Filter>Enumeration</Filter>
    </ClInclude>
    <ClInclude Include="..\..\..\src\reflection_type.hpp">
      <Filter>Enumeration</Filter>
    </ClInclude>
    <ClInclude Include="..\..\..\src\pointlight_shape.hpp">
      <Filter>Enumeration</Filter>
    </ClInclude>
    <ClInclude Include="..\..\..\src\direction_order.hpp">
      <Filter>Enumeration</Filter>
    </ClInclude>
    <ClInclude Include="..\..\..\src\pixel_format.hpp">
      <Filter>Enumeration</Filter>
    </ClInclude>
  </ItemGroup>
  <ItemGroup>
    <ClCompile Include="..\..\..\src\configuration.cpp">
      <Filter>Miscellaneous</Filter>
    </ClCompile>
    <ClCompile Include="..\..\..\src\timer.cpp">
      <Filter>Miscellaneous</Filter>
    </ClCompile>
    <ClCompile Include="..\..\..\src\input_handler.cpp">
      <Filter>Miscellaneous</Filter>
    </ClCompile>
    <ClCompile Include="..\..\..\src\tools.cpp">
      <Filter>Miscellaneous</Filter>
    </ClCompile>
    <ClCompile Include="..\..\..\src\library_loader.cpp">
      <Filter>Miscellaneous</Filter>
    </ClCompile>
  </ItemGroup>
</Project>